{
    "version": 3,
    "terraform_version": "0.11.11",
    "serial": 2,
    "lineage": "bf6ebe50-039f-032c-5993-4efb57ae130c",
    "modules": [
        {
            "path": [
                "root"
            ],
            "outputs": {
                "bastion_autoscaling_group_ids": {
                    "sensitive": false,
                    "type": "list",
                    "value": [
                        "bastions.aidinevolvecyber-uat.com"
                    ]
                },
                "bastion_security_group_ids": {
                    "sensitive": false,
                    "type": "list",
                    "value": [
                        "sg-036ffdc043597ba65"
                    ]
                },
                "bastions_role_arn": {
                    "sensitive": false,
                    "type": "string",
                    "value": "arn:aws:iam::360471728799:role/bastions.aidinevolvecyber-uat.com"
                },
                "bastions_role_name": {
                    "sensitive": false,
                    "type": "string",
                    "value": "bastions.aidinevolvecyber-uat.com"
                },
                "cluster_name": {
                    "sensitive": false,
                    "type": "string",
                    "value": "aidinevolvecyber-uat.com"
                },
                "master_autoscaling_group_ids": {
                    "sensitive": false,
                    "type": "list",
                    "value": [
                        "master-eu-west-1a.masters.aidinevolvecyber-uat.com",
                        "master-eu-west-1b.masters.aidinevolvecyber-uat.com",
                        "master-eu-west-1c.masters.aidinevolvecyber-uat.com"
                    ]
                },
                "master_security_group_ids": {
                    "sensitive": false,
                    "type": "list",
                    "value": [
                        "sg-06fd18b6b7650785d"
                    ]
                },
                "masters_role_arn": {
                    "sensitive": false,
                    "type": "string",
                    "value": "arn:aws:iam::360471728799:role/masters.aidinevolvecyber-uat.com"
                },
                "masters_role_name": {
                    "sensitive": false,
                    "type": "string",
                    "value": "masters.aidinevolvecyber-uat.com"
                },
                "node_autoscaling_group_ids": {
                    "sensitive": false,
                    "type": "list",
                    "value": [
                        "nodes.aidinevolvecyber-uat.com"
                    ]
                },
                "node_security_group_ids": {
                    "sensitive": false,
                    "type": "list",
                    "value": [
                        "sg-0b06c5160d6f443cf"
                    ]
                },
                "node_subnet_ids": {
                    "sensitive": false,
                    "type": "list",
                    "value": [
                        "subnet-0579efbba63ea1c5b",
                        "subnet-0cff6bf1570ada3b2",
                        "subnet-08f405fea8c63177f"
                    ]
                },
                "nodes_role_arn": {
                    "sensitive": false,
                    "type": "string",
                    "value": "arn:aws:iam::360471728799:role/nodes.aidinevolvecyber-uat.com"
                },
                "nodes_role_name": {
                    "sensitive": false,
                    "type": "string",
                    "value": "nodes.aidinevolvecyber-uat.com"
                },
                "region": {
                    "sensitive": false,
                    "type": "string",
                    "value": "eu-west-1"
                },
                "route_table_private-eu-west-1a_id": {
                    "sensitive": false,
                    "type": "string",
                    "value": "rtb-0cfd36453194e035b"
                },
                "route_table_private-eu-west-1b_id": {
                    "sensitive": false,
                    "type": "string",
                    "value": "rtb-07cf8c3fe7329920d"
                },
                "route_table_private-eu-west-1c_id": {
                    "sensitive": false,
                    "type": "string",
                    "value": "rtb-052e260ea2a9c5ce3"
                },
                "route_table_public_id": {
                    "sensitive": false,
                    "type": "string",
                    "value": "rtb-0e9e47c555511d795"
                },
                "subnet_eu-west-1a_id": {
                    "sensitive": false,
                    "type": "string",
                    "value": "subnet-0579efbba63ea1c5b"
                },
                "subnet_eu-west-1b_id": {
                    "sensitive": false,
                    "type": "string",
                    "value": "subnet-0cff6bf1570ada3b2"
                },
                "subnet_eu-west-1c_id": {
                    "sensitive": false,
                    "type": "string",
                    "value": "subnet-08f405fea8c63177f"
                },
                "subnet_utility-eu-west-1a_id": {
                    "sensitive": false,
                    "type": "string",
                    "value": "subnet-0e1e7b5c9b883eca8"
                },
                "subnet_utility-eu-west-1b_id": {
                    "sensitive": false,
                    "type": "string",
                    "value": "subnet-0fbda808e2ab64ccb"
                },
                "subnet_utility-eu-west-1c_id": {
                    "sensitive": false,
                    "type": "string",
                    "value": "subnet-05de8ceaaa4640876"
                },
                "vpc_cidr_block": {
                    "sensitive": false,
                    "type": "string",
                    "value": "172.20.0.0/16"
                },
                "vpc_id": {
                    "sensitive": false,
                    "type": "string",
                    "value": "vpc-01be1b5b2f6839949"
                }
            },
            "resources": {
                "aws_autoscaling_attachment.bastions-aidinevolvecyber-uat-com": {
                    "type": "aws_autoscaling_attachment",
                    "depends_on": [
                        "aws_autoscaling_group.bastions-aidinevolvecyber-uat-com",
                        "aws_elb.bastion-aidinevolvecyber-uat-com"
                    ],
                    "primary": {
                        "id": "bastions.aidinevolvecyber-uat.com-20190103004736461900000006",
                        "attributes": {
                            "autoscaling_group_name": "bastions.aidinevolvecyber-uat.com",
                            "elb": "bastion-aidinevolvecyber--b7nh88",
                            "id": "bastions.aidinevolvecyber-uat.com-20190103004736461900000006"
                        },
                        "meta": {},
                        "tainted": false
                    },
                    "deposed": [],
                    "provider": "provider.aws"
                },
                "aws_autoscaling_attachment.master-eu-west-1a-masters-aidinevolvecyber-uat-com": {
                    "type": "aws_autoscaling_attachment",
                    "depends_on": [
                        "aws_autoscaling_group.master-eu-west-1a-masters-aidinevolvecyber-uat-com",
                        "aws_elb.api-aidinevolvecyber-uat-com"
                    ],
                    "primary": {
                        "id": "master-eu-west-1a.masters.aidinevolvecyber-uat.com-20190103004739285300000008",
                        "attributes": {
                            "autoscaling_group_name": "master-eu-west-1a.masters.aidinevolvecyber-uat.com",
                            "elb": "api-aidinevolvecyber-uat--akp8t6",
                            "id": "master-eu-west-1a.masters.aidinevolvecyber-uat.com-20190103004739285300000008"
                        },
                        "meta": {},
                        "tainted": false
                    },
                    "deposed": [],
                    "provider": "provider.aws"
                },
                "aws_autoscaling_attachment.master-eu-west-1b-masters-aidinevolvecyber-uat-com": {
                    "type": "aws_autoscaling_attachment",
                    "depends_on": [
                        "aws_autoscaling_group.master-eu-west-1b-masters-aidinevolvecyber-uat-com",
                        "aws_elb.api-aidinevolvecyber-uat-com"
                    ],
                    "primary": {
                        "id": "master-eu-west-1b.masters.aidinevolvecyber-uat.com-20190103004736757500000007",
                        "attributes": {
                            "autoscaling_group_name": "master-eu-west-1b.masters.aidinevolvecyber-uat.com",
                            "elb": "api-aidinevolvecyber-uat--akp8t6",
                            "id": "master-eu-west-1b.masters.aidinevolvecyber-uat.com-20190103004736757500000007"
                        },
                        "meta": {},
                        "tainted": false
                    },
                    "deposed": [],
                    "provider": "provider.aws"
                },
                "aws_autoscaling_attachment.master-eu-west-1c-masters-aidinevolvecyber-uat-com": {
                    "type": "aws_autoscaling_attachment",
                    "depends_on": [
                        "aws_autoscaling_group.master-eu-west-1c-masters-aidinevolvecyber-uat-com",
                        "aws_elb.api-aidinevolvecyber-uat-com"
                    ],
                    "primary": {
                        "id": "master-eu-west-1c.masters.aidinevolvecyber-uat.com-20190103004741985700000009",
                        "attributes": {
                            "autoscaling_group_name": "master-eu-west-1c.masters.aidinevolvecyber-uat.com",
                            "elb": "api-aidinevolvecyber-uat--akp8t6",
                            "id": "master-eu-west-1c.masters.aidinevolvecyber-uat.com-20190103004741985700000009"
                        },
                        "meta": {},
                        "tainted": false
                    },
                    "deposed": [],
                    "provider": "provider.aws"
                },
                "aws_autoscaling_group.bastions-aidinevolvecyber-uat-com": {
                    "type": "aws_autoscaling_group",
                    "depends_on": [
                        "aws_launch_configuration.bastions-aidinevolvecyber-uat-com",
                        "aws_subnet.utility-eu-west-1a-aidinevolvecyber-uat-com",
                        "aws_subnet.utility-eu-west-1b-aidinevolvecyber-uat-com",
                        "aws_subnet.utility-eu-west-1c-aidinevolvecyber-uat-com"
                    ],
                    "primary": {
                        "id": "bastions.aidinevolvecyber-uat.com",
                        "attributes": {
                            "arn": "arn:aws:autoscaling:eu-west-1:360471728799:autoScalingGroup:e18e7200-b744-47e9-af49-064ce22e0c22:autoScalingGroupName/bastions.aidinevolvecyber-uat.com",
                            "availability_zones.#": "3",
                            "availability_zones.1924028850": "eu-west-1b",
                            "availability_zones.3953592328": "eu-west-1a",
                            "availability_zones.94988580": "eu-west-1c",
                            "default_cooldown": "300",
                            "desired_capacity": "1",
                            "enabled_metrics.#": "8",
                            "enabled_metrics.119681000": "GroupStandbyInstances",
                            "enabled_metrics.1940933563": "GroupTotalInstances",
                            "enabled_metrics.308948767": "GroupPendingInstances",
                            "enabled_metrics.3267518000": "GroupTerminatingInstances",
                            "enabled_metrics.3394537085": "GroupDesiredCapacity",
                            "enabled_metrics.3551801763": "GroupInServiceInstances",
                            "enabled_metrics.4118539418": "GroupMinSize",
                            "enabled_metrics.4136111317": "GroupMaxSize",
                            "force_delete": "false",
                            "health_check_grace_period": "300",
                            "health_check_type": "EC2",
                            "id": "bastions.aidinevolvecyber-uat.com",
                            "launch_configuration": "bastions.aidinevolvecyber-uat.com-20190103004650073500000001",
                            "launch_template.#": "0",
                            "load_balancers.#": "0",
                            "max_size": "1",
                            "metrics_granularity": "1Minute",
                            "min_size": "1",
                            "mixed_instances_policy.#": "0",
                            "name": "bastions.aidinevolvecyber-uat.com",
                            "placement_group": "",
                            "protect_from_scale_in": "false",
                            "service_linked_role_arn": "arn:aws:iam::360471728799:role/aws-service-role/autoscaling.amazonaws.com/AWSServiceRoleForAutoScaling",
                            "suspended_processes.#": "0",
                            "tag.#": "4",
                            "tag.1670599138.key": "Name",
                            "tag.1670599138.propagate_at_launch": "true",
                            "tag.1670599138.value": "bastions.aidinevolvecyber-uat.com",
                            "tag.3217415082.key": "k8s.io/role/bastion",
                            "tag.3217415082.propagate_at_launch": "true",
                            "tag.3217415082.value": "1",
                            "tag.3751126233.key": "k8s.io/cluster-autoscaler/node-template/label/kops.k8s.io/instancegroup",
                            "tag.3751126233.propagate_at_launch": "true",
                            "tag.3751126233.value": "bastions",
                            "tag.3797654556.key": "KubernetesCluster",
                            "tag.3797654556.propagate_at_launch": "true",
                            "tag.3797654556.value": "aidinevolvecyber-uat.com",
                            "target_group_arns.#": "0",
                            "termination_policies.#": "0",
                            "vpc_zone_identifier.#": "3",
                            "vpc_zone_identifier.1105737504": "subnet-05de8ceaaa4640876",
                            "vpc_zone_identifier.1809705779": "subnet-0e1e7b5c9b883eca8",
                            "vpc_zone_identifier.3619635278": "subnet-0fbda808e2ab64ccb",
                            "wait_for_capacity_timeout": "10m"
                        },
                        "meta": {
                            "e2bfb730-ecaa-11e6-8f88-34363bc7c4c0": {
                                "delete": 600000000000
                            }
                        },
                        "tainted": false
                    },
                    "deposed": [],
                    "provider": "provider.aws"
                },
                "aws_autoscaling_group.master-eu-west-1a-masters-aidinevolvecyber-uat-com": {
                    "type": "aws_autoscaling_group",
                    "depends_on": [
                        "aws_launch_configuration.master-eu-west-1a-masters-aidinevolvecyber-uat-com",
                        "aws_subnet.eu-west-1a-aidinevolvecyber-uat-com"
                    ],
                    "primary": {
                        "id": "master-eu-west-1a.masters.aidinevolvecyber-uat.com",
                        "attributes": {
                            "arn": "arn:aws:autoscaling:eu-west-1:360471728799:autoScalingGroup:1fceb03d-4fc7-4ce5-8faf-f8df893b18fc:autoScalingGroupName/master-eu-west-1a.masters.aidinevolvecyber-uat.com",
                            "availability_zones.#": "1",
                            "availability_zones.3953592328": "eu-west-1a",
                            "default_cooldown": "300",
                            "desired_capacity": "1",
                            "enabled_metrics.#": "8",
                            "enabled_metrics.119681000": "GroupStandbyInstances",
                            "enabled_metrics.1940933563": "GroupTotalInstances",
                            "enabled_metrics.308948767": "GroupPendingInstances",
                            "enabled_metrics.3267518000": "GroupTerminatingInstances",
                            "enabled_metrics.3394537085": "GroupDesiredCapacity",
                            "enabled_metrics.3551801763": "GroupInServiceInstances",
                            "enabled_metrics.4118539418": "GroupMinSize",
                            "enabled_metrics.4136111317": "GroupMaxSize",
                            "force_delete": "false",
                            "health_check_grace_period": "300",
                            "health_check_type": "EC2",
                            "id": "master-eu-west-1a.masters.aidinevolvecyber-uat.com",
                            "launch_configuration": "master-eu-west-1a.masters.aidinevolvecyber-uat.com-20190103004653286500000004",
                            "launch_template.#": "0",
                            "load_balancers.#": "0",
                            "max_size": "1",
                            "metrics_granularity": "1Minute",
                            "min_size": "1",
                            "mixed_instances_policy.#": "0",
                            "name": "master-eu-west-1a.masters.aidinevolvecyber-uat.com",
                            "placement_group": "",
                            "protect_from_scale_in": "false",
                            "service_linked_role_arn": "arn:aws:iam::360471728799:role/aws-service-role/autoscaling.amazonaws.com/AWSServiceRoleForAutoScaling",
                            "suspended_processes.#": "0",
                            "tag.#": "4",
                            "tag.1601041186.key": "k8s.io/role/master",
                            "tag.1601041186.propagate_at_launch": "true",
                            "tag.1601041186.value": "1",
                            "tag.1786777050.key": "k8s.io/cluster-autoscaler/node-template/label/kops.k8s.io/instancegroup",
                            "tag.1786777050.propagate_at_launch": "true",
                            "tag.1786777050.value": "master-eu-west-1a",
                            "tag.3202688005.key": "Name",
                            "tag.3202688005.propagate_at_launch": "true",
                            "tag.3202688005.value": "master-eu-west-1a.masters.aidinevolvecyber-uat.com",
                            "tag.3797654556.key": "KubernetesCluster",
                            "tag.3797654556.propagate_at_launch": "true",
                            "tag.3797654556.value": "aidinevolvecyber-uat.com",
                            "target_group_arns.#": "0",
                            "termination_policies.#": "0",
                            "vpc_zone_identifier.#": "1",
                            "vpc_zone_identifier.2704523948": "subnet-0579efbba63ea1c5b",
                            "wait_for_capacity_timeout": "10m"
                        },
                        "meta": {
                            "e2bfb730-ecaa-11e6-8f88-34363bc7c4c0": {
                                "delete": 600000000000
                            }
                        },
                        "tainted": false
                    },
                    "deposed": [],
                    "provider": "provider.aws"
                },
                "aws_autoscaling_group.master-eu-west-1b-masters-aidinevolvecyber-uat-com": {
                    "type": "aws_autoscaling_group",
                    "depends_on": [
                        "aws_launch_configuration.master-eu-west-1b-masters-aidinevolvecyber-uat-com",
                        "aws_subnet.eu-west-1b-aidinevolvecyber-uat-com"
                    ],
                    "primary": {
                        "id": "master-eu-west-1b.masters.aidinevolvecyber-uat.com",
                        "attributes": {
                            "arn": "arn:aws:autoscaling:eu-west-1:360471728799:autoScalingGroup:f3728ed6-2739-4db6-b9f8-a9721de4619a:autoScalingGroupName/master-eu-west-1b.masters.aidinevolvecyber-uat.com",
                            "availability_zones.#": "1",
                            "availability_zones.1924028850": "eu-west-1b",
                            "default_cooldown": "300",
                            "desired_capacity": "1",
                            "enabled_metrics.#": "8",
                            "enabled_metrics.119681000": "GroupStandbyInstances",
                            "enabled_metrics.1940933563": "GroupTotalInstances",
                            "enabled_metrics.308948767": "GroupPendingInstances",
                            "enabled_metrics.3267518000": "GroupTerminatingInstances",
                            "enabled_metrics.3394537085": "GroupDesiredCapacity",
                            "enabled_metrics.3551801763": "GroupInServiceInstances",
                            "enabled_metrics.4118539418": "GroupMinSize",
                            "enabled_metrics.4136111317": "GroupMaxSize",
                            "force_delete": "false",
                            "health_check_grace_period": "300",
                            "health_check_type": "EC2",
                            "id": "master-eu-west-1b.masters.aidinevolvecyber-uat.com",
                            "launch_configuration": "master-eu-west-1b.masters.aidinevolvecyber-uat.com-20190103004652387400000003",
                            "launch_template.#": "0",
                            "load_balancers.#": "0",
                            "max_size": "1",
                            "metrics_granularity": "1Minute",
                            "min_size": "1",
                            "mixed_instances_policy.#": "0",
                            "name": "master-eu-west-1b.masters.aidinevolvecyber-uat.com",
                            "placement_group": "",
                            "protect_from_scale_in": "false",
                            "service_linked_role_arn": "arn:aws:iam::360471728799:role/aws-service-role/autoscaling.amazonaws.com/AWSServiceRoleForAutoScaling",
                            "suspended_processes.#": "0",
                            "tag.#": "4",
                            "tag.1533548359.key": "k8s.io/cluster-autoscaler/node-template/label/kops.k8s.io/instancegroup",
                            "tag.1533548359.propagate_at_launch": "true",
                            "tag.1533548359.value": "master-eu-west-1b",
                            "tag.1601041186.key": "k8s.io/role/master",
                            "tag.1601041186.propagate_at_launch": "true",
                            "tag.1601041186.value": "1",
                            "tag.2488898701.key": "Name",
                            "tag.2488898701.propagate_at_launch": "true",
                            "tag.2488898701.value": "master-eu-west-1b.masters.aidinevolvecyber-uat.com",
                            "tag.3797654556.key": "KubernetesCluster",
                            "tag.3797654556.propagate_at_launch": "true",
                            "tag.3797654556.value": "aidinevolvecyber-uat.com",
                            "target_group_arns.#": "0",
                            "termination_policies.#": "0",
                            "vpc_zone_identifier.#": "1",
                            "vpc_zone_identifier.2434232830": "subnet-0cff6bf1570ada3b2",
                            "wait_for_capacity_timeout": "10m"
                        },
                        "meta": {
                            "e2bfb730-ecaa-11e6-8f88-34363bc7c4c0": {
                                "delete": 600000000000
                            }
                        },
                        "tainted": false
                    },
                    "deposed": [],
                    "provider": "provider.aws"
                },
                "aws_autoscaling_group.master-eu-west-1c-masters-aidinevolvecyber-uat-com": {
                    "type": "aws_autoscaling_group",
                    "depends_on": [
                        "aws_launch_configuration.master-eu-west-1c-masters-aidinevolvecyber-uat-com",
                        "aws_subnet.eu-west-1c-aidinevolvecyber-uat-com"
                    ],
                    "primary": {
                        "id": "master-eu-west-1c.masters.aidinevolvecyber-uat.com",
                        "attributes": {
                            "arn": "arn:aws:autoscaling:eu-west-1:360471728799:autoScalingGroup:701c3202-5f97-4fc2-b000-0239ec9a2c19:autoScalingGroupName/master-eu-west-1c.masters.aidinevolvecyber-uat.com",
                            "availability_zones.#": "1",
                            "availability_zones.94988580": "eu-west-1c",
                            "default_cooldown": "300",
                            "desired_capacity": "1",
                            "enabled_metrics.#": "8",
                            "enabled_metrics.119681000": "GroupStandbyInstances",
                            "enabled_metrics.1940933563": "GroupTotalInstances",
                            "enabled_metrics.308948767": "GroupPendingInstances",
                            "enabled_metrics.3267518000": "GroupTerminatingInstances",
                            "enabled_metrics.3394537085": "GroupDesiredCapacity",
                            "enabled_metrics.3551801763": "GroupInServiceInstances",
                            "enabled_metrics.4118539418": "GroupMinSize",
                            "enabled_metrics.4136111317": "GroupMaxSize",
                            "force_delete": "false",
                            "health_check_grace_period": "300",
                            "health_check_type": "EC2",
                            "id": "master-eu-west-1c.masters.aidinevolvecyber-uat.com",
                            "launch_configuration": "master-eu-west-1c.masters.aidinevolvecyber-uat.com-20190103004654557400000005",
                            "launch_template.#": "0",
                            "load_balancers.#": "0",
                            "max_size": "1",
                            "metrics_granularity": "1Minute",
                            "min_size": "1",
                            "mixed_instances_policy.#": "0",
                            "name": "master-eu-west-1c.masters.aidinevolvecyber-uat.com",
                            "placement_group": "",
                            "protect_from_scale_in": "false",
                            "service_linked_role_arn": "arn:aws:iam::360471728799:role/aws-service-role/autoscaling.amazonaws.com/AWSServiceRoleForAutoScaling",
                            "suspended_processes.#": "0",
                            "tag.#": "4",
                            "tag.1601041186.key": "k8s.io/role/master",
                            "tag.1601041186.propagate_at_launch": "true",
                            "tag.1601041186.value": "1",
                            "tag.3797654556.key": "KubernetesCluster",
                            "tag.3797654556.propagate_at_launch": "true",
                            "tag.3797654556.value": "aidinevolvecyber-uat.com",
                            "tag.4246674675.key": "k8s.io/cluster-autoscaler/node-template/label/kops.k8s.io/instancegroup",
                            "tag.4246674675.propagate_at_launch": "true",
                            "tag.4246674675.value": "master-eu-west-1c",
                            "tag.991758026.key": "Name",
                            "tag.991758026.propagate_at_launch": "true",
                            "tag.991758026.value": "master-eu-west-1c.masters.aidinevolvecyber-uat.com",
                            "target_group_arns.#": "0",
                            "termination_policies.#": "0",
                            "vpc_zone_identifier.#": "1",
                            "vpc_zone_identifier.2245826193": "subnet-08f405fea8c63177f",
                            "wait_for_capacity_timeout": "10m"
                        },
                        "meta": {
                            "e2bfb730-ecaa-11e6-8f88-34363bc7c4c0": {
                                "delete": 600000000000
                            }
                        },
                        "tainted": false
                    },
                    "deposed": [],
                    "provider": "provider.aws"
                },
                "aws_autoscaling_group.nodes-aidinevolvecyber-uat-com": {
                    "type": "aws_autoscaling_group",
                    "depends_on": [
                        "aws_launch_configuration.nodes-aidinevolvecyber-uat-com",
                        "aws_subnet.eu-west-1a-aidinevolvecyber-uat-com",
                        "aws_subnet.eu-west-1b-aidinevolvecyber-uat-com",
                        "aws_subnet.eu-west-1c-aidinevolvecyber-uat-com"
                    ],
                    "primary": {
                        "id": "nodes.aidinevolvecyber-uat.com",
                        "attributes": {
                            "arn": "arn:aws:autoscaling:eu-west-1:360471728799:autoScalingGroup:6d984f41-ab90-4fc3-b33b-0dddcdf532fe:autoScalingGroupName/nodes.aidinevolvecyber-uat.com",
                            "availability_zones.#": "3",
                            "availability_zones.1924028850": "eu-west-1b",
                            "availability_zones.3953592328": "eu-west-1a",
                            "availability_zones.94988580": "eu-west-1c",
                            "default_cooldown": "300",
                            "desired_capacity": "3",
                            "enabled_metrics.#": "8",
                            "enabled_metrics.119681000": "GroupStandbyInstances",
                            "enabled_metrics.1940933563": "GroupTotalInstances",
                            "enabled_metrics.308948767": "GroupPendingInstances",
                            "enabled_metrics.3267518000": "GroupTerminatingInstances",
                            "enabled_metrics.3394537085": "GroupDesiredCapacity",
                            "enabled_metrics.3551801763": "GroupInServiceInstances",
                            "enabled_metrics.4118539418": "GroupMinSize",
                            "enabled_metrics.4136111317": "GroupMaxSize",
                            "force_delete": "false",
                            "health_check_grace_period": "300",
                            "health_check_type": "EC2",
                            "id": "nodes.aidinevolvecyber-uat.com",
                            "launch_configuration": "nodes.aidinevolvecyber-uat.com-20190103004650378600000002",
                            "launch_template.#": "0",
                            "load_balancers.#": "0",
                            "max_size": "3",
                            "metrics_granularity": "1Minute",
                            "min_size": "3",
                            "mixed_instances_policy.#": "0",
                            "name": "nodes.aidinevolvecyber-uat.com",
                            "placement_group": "",
                            "protect_from_scale_in": "false",
                            "service_linked_role_arn": "arn:aws:iam::360471728799:role/aws-service-role/autoscaling.amazonaws.com/AWSServiceRoleForAutoScaling",
                            "suspended_processes.#": "0",
                            "tag.#": "4",
                            "tag.1967977115.key": "k8s.io/role/node",
                            "tag.1967977115.propagate_at_launch": "true",
                            "tag.1967977115.value": "1",
                            "tag.3222098285.key": "Name",
                            "tag.3222098285.propagate_at_launch": "true",
                            "tag.3222098285.value": "nodes.aidinevolvecyber-uat.com",
                            "tag.3797654556.key": "KubernetesCluster",
                            "tag.3797654556.propagate_at_launch": "true",
                            "tag.3797654556.value": "aidinevolvecyber-uat.com",
                            "tag.859419842.key": "k8s.io/cluster-autoscaler/node-template/label/kops.k8s.io/instancegroup",
                            "tag.859419842.propagate_at_launch": "true",
                            "tag.859419842.value": "nodes",
                            "target_group_arns.#": "0",
                            "termination_policies.#": "0",
                            "vpc_zone_identifier.#": "3",
                            "vpc_zone_identifier.2245826193": "subnet-08f405fea8c63177f",
                            "vpc_zone_identifier.2434232830": "subnet-0cff6bf1570ada3b2",
                            "vpc_zone_identifier.2704523948": "subnet-0579efbba63ea1c5b",
                            "wait_for_capacity_timeout": "10m"
                        },
                        "meta": {
                            "e2bfb730-ecaa-11e6-8f88-34363bc7c4c0": {
                                "delete": 600000000000
                            }
                        },
                        "tainted": false
                    },
                    "deposed": [],
                    "provider": "provider.aws"
                },
                "aws_ebs_volume.a-etcd-events-aidinevolvecyber-uat-com": {
                    "type": "aws_ebs_volume",
                    "depends_on": [],
                    "primary": {
                        "id": "vol-08ae415bf0968cf04",
                        "attributes": {
                            "arn": "arn:aws:ec2:eu-west-1:360471728799:volume/vol-08ae415bf0968cf04",
                            "availability_zone": "eu-west-1a",
                            "encrypted": "false",
                            "id": "vol-08ae415bf0968cf04",
                            "size": "20",
                            "snapshot_id": "",
                            "tags.%": "5",
                            "tags.KubernetesCluster": "aidinevolvecyber-uat.com",
                            "tags.Name": "a.etcd-events.aidinevolvecyber-uat.com",
                            "tags.k8s.io/etcd/events": "a/a,b,c",
                            "tags.k8s.io/role/master": "1",
                            "tags.kubernetes.io/cluster/aidinevolvecyber-uat.com": "owned",
                            "type": "gp2"
                        },
                        "meta": {},
                        "tainted": false
                    },
                    "deposed": [],
                    "provider": "provider.aws"
                },
                "aws_ebs_volume.a-etcd-main-aidinevolvecyber-uat-com": {
                    "type": "aws_ebs_volume",
                    "depends_on": [],
                    "primary": {
                        "id": "vol-01e13daf4aa971e42",
                        "attributes": {
                            "arn": "arn:aws:ec2:eu-west-1:360471728799:volume/vol-01e13daf4aa971e42",
                            "availability_zone": "eu-west-1a",
                            "encrypted": "false",
                            "id": "vol-01e13daf4aa971e42",
                            "size": "20",
                            "snapshot_id": "",
                            "tags.%": "5",
                            "tags.KubernetesCluster": "aidinevolvecyber-uat.com",
                            "tags.Name": "a.etcd-main.aidinevolvecyber-uat.com",
                            "tags.k8s.io/etcd/main": "a/a,b,c",
                            "tags.k8s.io/role/master": "1",
                            "tags.kubernetes.io/cluster/aidinevolvecyber-uat.com": "owned",
                            "type": "gp2"
                        },
                        "meta": {},
                        "tainted": false
                    },
                    "deposed": [],
                    "provider": "provider.aws"
                },
                "aws_ebs_volume.b-etcd-events-aidinevolvecyber-uat-com": {
                    "type": "aws_ebs_volume",
                    "depends_on": [],
                    "primary": {
                        "id": "vol-0b2e6e2b6de9c3c1a",
                        "attributes": {
                            "arn": "arn:aws:ec2:eu-west-1:360471728799:volume/vol-0b2e6e2b6de9c3c1a",
                            "availability_zone": "eu-west-1b",
                            "encrypted": "false",
                            "id": "vol-0b2e6e2b6de9c3c1a",
                            "size": "20",
                            "snapshot_id": "",
                            "tags.%": "5",
                            "tags.KubernetesCluster": "aidinevolvecyber-uat.com",
                            "tags.Name": "b.etcd-events.aidinevolvecyber-uat.com",
                            "tags.k8s.io/etcd/events": "b/a,b,c",
                            "tags.k8s.io/role/master": "1",
                            "tags.kubernetes.io/cluster/aidinevolvecyber-uat.com": "owned",
                            "type": "gp2"
                        },
                        "meta": {},
                        "tainted": false
                    },
                    "deposed": [],
                    "provider": "provider.aws"
                },
                "aws_ebs_volume.b-etcd-main-aidinevolvecyber-uat-com": {
                    "type": "aws_ebs_volume",
                    "depends_on": [],
                    "primary": {
                        "id": "vol-0b97a7b1c0ee7da4f",
                        "attributes": {
                            "arn": "arn:aws:ec2:eu-west-1:360471728799:volume/vol-0b97a7b1c0ee7da4f",
                            "availability_zone": "eu-west-1b",
                            "encrypted": "false",
                            "id": "vol-0b97a7b1c0ee7da4f",
                            "size": "20",
                            "snapshot_id": "",
                            "tags.%": "5",
                            "tags.KubernetesCluster": "aidinevolvecyber-uat.com",
                            "tags.Name": "b.etcd-main.aidinevolvecyber-uat.com",
                            "tags.k8s.io/etcd/main": "b/a,b,c",
                            "tags.k8s.io/role/master": "1",
                            "tags.kubernetes.io/cluster/aidinevolvecyber-uat.com": "owned",
                            "type": "gp2"
                        },
                        "meta": {},
                        "tainted": false
                    },
                    "deposed": [],
                    "provider": "provider.aws"
                },
                "aws_ebs_volume.c-etcd-events-aidinevolvecyber-uat-com": {
                    "type": "aws_ebs_volume",
                    "depends_on": [],
                    "primary": {
                        "id": "vol-021a618d5402c0158",
                        "attributes": {
                            "arn": "arn:aws:ec2:eu-west-1:360471728799:volume/vol-021a618d5402c0158",
                            "availability_zone": "eu-west-1c",
                            "encrypted": "false",
                            "id": "vol-021a618d5402c0158",
                            "size": "20",
                            "snapshot_id": "",
                            "tags.%": "5",
                            "tags.KubernetesCluster": "aidinevolvecyber-uat.com",
                            "tags.Name": "c.etcd-events.aidinevolvecyber-uat.com",
                            "tags.k8s.io/etcd/events": "c/a,b,c",
                            "tags.k8s.io/role/master": "1",
                            "tags.kubernetes.io/cluster/aidinevolvecyber-uat.com": "owned",
                            "type": "gp2"
                        },
                        "meta": {},
                        "tainted": false
                    },
                    "deposed": [],
                    "provider": "provider.aws"
                },
                "aws_ebs_volume.c-etcd-main-aidinevolvecyber-uat-com": {
                    "type": "aws_ebs_volume",
                    "depends_on": [],
                    "primary": {
                        "id": "vol-031efbfd56040817c",
                        "attributes": {
                            "arn": "arn:aws:ec2:eu-west-1:360471728799:volume/vol-031efbfd56040817c",
                            "availability_zone": "eu-west-1c",
                            "encrypted": "false",
                            "id": "vol-031efbfd56040817c",
                            "size": "20",
                            "snapshot_id": "",
                            "tags.%": "5",
                            "tags.KubernetesCluster": "aidinevolvecyber-uat.com",
                            "tags.Name": "c.etcd-main.aidinevolvecyber-uat.com",
                            "tags.k8s.io/etcd/main": "c/a,b,c",
                            "tags.k8s.io/role/master": "1",
                            "tags.kubernetes.io/cluster/aidinevolvecyber-uat.com": "owned",
                            "type": "gp2"
                        },
                        "meta": {},
                        "tainted": false
                    },
                    "deposed": [],
                    "provider": "provider.aws"
                },
                "aws_eip.eu-west-1b-aidinevolvecyber-uat-com": {
                    "type": "aws_eip",
                    "depends_on": [],
                    "primary": {
                        "id": "eipalloc-06112bc42d2f3ca30",
                        "attributes": {
                            "association_id": "",
                            "domain": "vpc",
                            "id": "eipalloc-06112bc42d2f3ca30",
                            "instance": "",
                            "network_interface": "",
                            "private_ip": "",
                            "public_ip": "18.203.140.202",
                            "public_ipv4_pool": "amazon",
                            "tags.%": "3",
                            "tags.KubernetesCluster": "aidinevolvecyber-uat.com",
                            "tags.Name": "eu-west-1b.aidinevolvecyber-uat.com",
                            "tags.kubernetes.io/cluster/aidinevolvecyber-uat.com": "owned",
                            "vpc": "true"
                        },
                        "meta": {
                            "e2bfb730-ecaa-11e6-8f88-34363bc7c4c0": {
                                "delete": 180000000000,
                                "read": 900000000000,
                                "update": 300000000000
                            }
                        },
                        "tainted": false
                    },
                    "deposed": [],
                    "provider": "provider.aws"
                },
                "aws_eip.eu-west-1c-aidinevolvecyber-uat-com": {
                    "type": "aws_eip",
                    "depends_on": [],
                    "primary": {
                        "id": "eipalloc-084cbf4d9cc5d06fa",
                        "attributes": {
                            "association_id": "",
                            "domain": "vpc",
                            "id": "eipalloc-084cbf4d9cc5d06fa",
                            "instance": "",
                            "network_interface": "",
                            "private_ip": "",
                            "public_ip": "18.203.121.206",
                            "public_ipv4_pool": "amazon",
                            "tags.%": "3",
                            "tags.KubernetesCluster": "aidinevolvecyber-uat.com",
                            "tags.Name": "eu-west-1c.aidinevolvecyber-uat.com",
                            "tags.kubernetes.io/cluster/aidinevolvecyber-uat.com": "owned",
                            "vpc": "true"
                        },
                        "meta": {
                            "e2bfb730-ecaa-11e6-8f88-34363bc7c4c0": {
                                "delete": 180000000000,
                                "read": 900000000000,
                                "update": 300000000000
                            }
                        },
                        "tainted": false
                    },
                    "deposed": [],
                    "provider": "provider.aws"
                },
                "aws_elb.api-aidinevolvecyber-uat-com": {
                    "type": "aws_elb",
                    "depends_on": [
                        "aws_security_group.api-elb-aidinevolvecyber-uat-com",
                        "aws_subnet.utility-eu-west-1a-aidinevolvecyber-uat-com",
                        "aws_subnet.utility-eu-west-1b-aidinevolvecyber-uat-com",
                        "aws_subnet.utility-eu-west-1c-aidinevolvecyber-uat-com"
                    ],
                    "primary": {
                        "id": "api-aidinevolvecyber-uat--akp8t6",
                        "attributes": {
                            "access_logs.#": "0",
                            "arn": "arn:aws:elasticloadbalancing:eu-west-1:360471728799:loadbalancer/api-aidinevolvecyber-uat--akp8t6",
                            "availability_zones.#": "3",
                            "availability_zones.1924028850": "eu-west-1b",
                            "availability_zones.3953592328": "eu-west-1a",
                            "availability_zones.94988580": "eu-west-1c",
                            "connection_draining": "false",
                            "connection_draining_timeout": "300",
                            "cross_zone_load_balancing": "true",
                            "dns_name": "api-aidinevolvecyber-uat--akp8t6-1321216978.eu-west-1.elb.amazonaws.com",
                            "health_check.#": "1",
                            "health_check.0.healthy_threshold": "2",
                            "health_check.0.interval": "10",
                            "health_check.0.target": "SSL:443",
                            "health_check.0.timeout": "5",
                            "health_check.0.unhealthy_threshold": "2",
                            "id": "api-aidinevolvecyber-uat--akp8t6",
                            "idle_timeout": "300",
                            "instances.#": "0",
                            "internal": "false",
                            "listener.#": "1",
                            "listener.610193557.instance_port": "443",
                            "listener.610193557.instance_protocol": "tcp",
                            "listener.610193557.lb_port": "443",
                            "listener.610193557.lb_protocol": "tcp",
                            "listener.610193557.ssl_certificate_id": "",
                            "name": "api-aidinevolvecyber-uat--akp8t6",
                            "security_groups.#": "1",
                            "security_groups.937792402": "sg-0bcad5ca2e1867c2e",
                            "source_security_group": "360471728799/api-elb.aidinevolvecyber-uat.com",
                            "source_security_group_id": "sg-0bcad5ca2e1867c2e",
                            "subnets.#": "3",
                            "subnets.1105737504": "subnet-05de8ceaaa4640876",
                            "subnets.1809705779": "subnet-0e1e7b5c9b883eca8",
                            "subnets.3619635278": "subnet-0fbda808e2ab64ccb",
                            "tags.%": "2",
                            "tags.KubernetesCluster": "aidinevolvecyber-uat.com",
                            "tags.Name": "api.aidinevolvecyber-uat.com",
                            "zone_id": "Z32O12XQLNTSW2"
                        },
                        "meta": {},
                        "tainted": false
                    },
                    "deposed": [],
                    "provider": "provider.aws"
                },
                "aws_elb.bastion-aidinevolvecyber-uat-com": {
                    "type": "aws_elb",
                    "depends_on": [
                        "aws_security_group.bastion-elb-aidinevolvecyber-uat-com",
                        "aws_subnet.utility-eu-west-1a-aidinevolvecyber-uat-com",
                        "aws_subnet.utility-eu-west-1b-aidinevolvecyber-uat-com",
                        "aws_subnet.utility-eu-west-1c-aidinevolvecyber-uat-com"
                    ],
                    "primary": {
                        "id": "bastion-aidinevolvecyber--b7nh88",
                        "attributes": {
                            "access_logs.#": "0",
                            "arn": "arn:aws:elasticloadbalancing:eu-west-1:360471728799:loadbalancer/bastion-aidinevolvecyber--b7nh88",
                            "availability_zones.#": "3",
                            "availability_zones.1924028850": "eu-west-1b",
                            "availability_zones.3953592328": "eu-west-1a",
                            "availability_zones.94988580": "eu-west-1c",
                            "connection_draining": "false",
                            "connection_draining_timeout": "300",
                            "cross_zone_load_balancing": "true",
                            "dns_name": "bastion-aidinevolvecyber--b7nh88-642007449.eu-west-1.elb.amazonaws.com",
                            "health_check.#": "1",
                            "health_check.0.healthy_threshold": "2",
                            "health_check.0.interval": "10",
                            "health_check.0.target": "TCP:22",
                            "health_check.0.timeout": "5",
                            "health_check.0.unhealthy_threshold": "2",
                            "id": "bastion-aidinevolvecyber--b7nh88",
                            "idle_timeout": "300",
                            "instances.#": "0",
                            "internal": "false",
                            "listener.#": "1",
                            "listener.829854800.instance_port": "22",
                            "listener.829854800.instance_protocol": "tcp",
                            "listener.829854800.lb_port": "22",
                            "listener.829854800.lb_protocol": "tcp",
                            "listener.829854800.ssl_certificate_id": "",
                            "name": "bastion-aidinevolvecyber--b7nh88",
                            "security_groups.#": "1",
                            "security_groups.4270406237": "sg-09cdbde9b805644ff",
                            "source_security_group": "360471728799/bastion-elb.aidinevolvecyber-uat.com",
                            "source_security_group_id": "sg-09cdbde9b805644ff",
                            "subnets.#": "3",
                            "subnets.1105737504": "subnet-05de8ceaaa4640876",
                            "subnets.1809705779": "subnet-0e1e7b5c9b883eca8",
                            "subnets.3619635278": "subnet-0fbda808e2ab64ccb",
                            "tags.%": "2",
                            "tags.KubernetesCluster": "aidinevolvecyber-uat.com",
                            "tags.Name": "bastion.aidinevolvecyber-uat.com",
                            "zone_id": "Z32O12XQLNTSW2"
                        },
                        "meta": {},
                        "tainted": false
                    },
                    "deposed": [],
                    "provider": "provider.aws"
                },
                "aws_iam_instance_profile.bastions-aidinevolvecyber-uat-com": {
                    "type": "aws_iam_instance_profile",
                    "depends_on": [
                        "aws_iam_role.bastions-aidinevolvecyber-uat-com"
                    ],
                    "primary": {
                        "id": "bastions.aidinevolvecyber-uat.com",
                        "attributes": {
                            "arn": "arn:aws:iam::360471728799:instance-profile/bastions.aidinevolvecyber-uat.com",
                            "create_date": "2019-01-03T00:46:36Z",
                            "id": "bastions.aidinevolvecyber-uat.com",
                            "name": "bastions.aidinevolvecyber-uat.com",
                            "path": "/",
                            "role": "bastions.aidinevolvecyber-uat.com",
                            "roles.#": "0",
                            "unique_id": "AIPAJMVKZIV2INALU3XO2"
                        },
                        "meta": {},
                        "tainted": false
                    },
                    "deposed": [],
                    "provider": "provider.aws"
                },
                "aws_iam_instance_profile.masters-aidinevolvecyber-uat-com": {
                    "type": "aws_iam_instance_profile",
                    "depends_on": [
                        "aws_iam_role.masters-aidinevolvecyber-uat-com"
                    ],
                    "primary": {
                        "id": "masters.aidinevolvecyber-uat.com",
                        "attributes": {
                            "arn": "arn:aws:iam::360471728799:instance-profile/masters.aidinevolvecyber-uat.com",
                            "create_date": "2019-01-03T00:46:36Z",
                            "id": "masters.aidinevolvecyber-uat.com",
                            "name": "masters.aidinevolvecyber-uat.com",
                            "path": "/",
                            "role": "masters.aidinevolvecyber-uat.com",
                            "roles.#": "0",
                            "unique_id": "AIPAI625OPFDW5N63DDUO"
                        },
                        "meta": {},
                        "tainted": false
                    },
                    "deposed": [],
                    "provider": "provider.aws"
                },
                "aws_iam_instance_profile.nodes-aidinevolvecyber-uat-com": {
                    "type": "aws_iam_instance_profile",
                    "depends_on": [
                        "aws_iam_role.nodes-aidinevolvecyber-uat-com"
                    ],
                    "primary": {
                        "id": "nodes.aidinevolvecyber-uat.com",
                        "attributes": {
                            "arn": "arn:aws:iam::360471728799:instance-profile/nodes.aidinevolvecyber-uat.com",
                            "create_date": "2019-01-03T00:46:36Z",
                            "id": "nodes.aidinevolvecyber-uat.com",
                            "name": "nodes.aidinevolvecyber-uat.com",
                            "path": "/",
                            "role": "nodes.aidinevolvecyber-uat.com",
                            "roles.#": "0",
                            "unique_id": "AIPAI2L2JCVZIKT4P4N46"
                        },
                        "meta": {},
                        "tainted": false
                    },
                    "deposed": [],
                    "provider": "provider.aws"
                },
                "aws_iam_role.bastions-aidinevolvecyber-uat-com": {
                    "type": "aws_iam_role",
                    "depends_on": [],
                    "primary": {
                        "id": "bastions.aidinevolvecyber-uat.com",
                        "attributes": {
                            "arn": "arn:aws:iam::360471728799:role/bastions.aidinevolvecyber-uat.com",
                            "assume_role_policy": "{\"Version\":\"2012-10-17\",\"Statement\":[{\"Effect\":\"Allow\",\"Principal\":{\"Service\":\"ec2.amazonaws.com\"},\"Action\":\"sts:AssumeRole\"}]}",
                            "create_date": "2019-01-03T00:46:34Z",
                            "description": "",
                            "force_detach_policies": "false",
                            "id": "bastions.aidinevolvecyber-uat.com",
                            "max_session_duration": "3600",
                            "name": "bastions.aidinevolvecyber-uat.com",
                            "path": "/",
                            "tags.%": "0",
                            "unique_id": "AROAJRGJJSFXDTBCZMSRQ"
                        },
                        "meta": {},
                        "tainted": false
                    },
                    "deposed": [],
                    "provider": "provider.aws"
                },
                "aws_iam_role.masters-aidinevolvecyber-uat-com": {
                    "type": "aws_iam_role",
                    "depends_on": [],
                    "primary": {
                        "id": "masters.aidinevolvecyber-uat.com",
                        "attributes": {
                            "arn": "arn:aws:iam::360471728799:role/masters.aidinevolvecyber-uat.com",
                            "assume_role_policy": "{\"Version\":\"2012-10-17\",\"Statement\":[{\"Effect\":\"Allow\",\"Principal\":{\"Service\":\"ec2.amazonaws.com\"},\"Action\":\"sts:AssumeRole\"}]}",
                            "create_date": "2019-01-03T00:46:34Z",
                            "description": "",
                            "force_detach_policies": "false",
                            "id": "masters.aidinevolvecyber-uat.com",
                            "max_session_duration": "3600",
                            "name": "masters.aidinevolvecyber-uat.com",
                            "path": "/",
                            "tags.%": "0",
                            "unique_id": "AROAJHCNBUBTEA3TBNAFC"
                        },
                        "meta": {},
                        "tainted": false
                    },
                    "deposed": [],
                    "provider": "provider.aws"
                },
                "aws_iam_role.nodes-aidinevolvecyber-uat-com": {
                    "type": "aws_iam_role",
                    "depends_on": [],
                    "primary": {
                        "id": "nodes.aidinevolvecyber-uat.com",
                        "attributes": {
                            "arn": "arn:aws:iam::360471728799:role/nodes.aidinevolvecyber-uat.com",
                            "assume_role_policy": "{\"Version\":\"2012-10-17\",\"Statement\":[{\"Effect\":\"Allow\",\"Principal\":{\"Service\":\"ec2.amazonaws.com\"},\"Action\":\"sts:AssumeRole\"}]}",
                            "create_date": "2019-01-03T00:46:34Z",
                            "description": "",
                            "force_detach_policies": "false",
                            "id": "nodes.aidinevolvecyber-uat.com",
                            "max_session_duration": "3600",
                            "name": "nodes.aidinevolvecyber-uat.com",
                            "path": "/",
                            "tags.%": "0",
                            "unique_id": "AROAIAHH3YD23SEIDPQSU"
                        },
                        "meta": {},
                        "tainted": false
                    },
                    "deposed": [],
                    "provider": "provider.aws"
                },
                "aws_iam_role_policy.bastions-aidinevolvecyber-uat-com": {
                    "type": "aws_iam_role_policy",
                    "depends_on": [
                        "aws_iam_role.bastions-aidinevolvecyber-uat-com"
                    ],
                    "primary": {
                        "id": "bastions.aidinevolvecyber-uat.com:bastions.aidinevolvecyber-uat.com",
                        "attributes": {
                            "id": "bastions.aidinevolvecyber-uat.com:bastions.aidinevolvecyber-uat.com",
                            "name": "bastions.aidinevolvecyber-uat.com",
                            "policy": "{\n  \"Version\": \"2012-10-17\",\n  \"Statement\": [\n    {\n      \"Effect\": \"Allow\",\n      \"Action\": [\n        \"ec2:DescribeRegions\"\n      ],\n      \"Resource\": [\n        \"*\"\n      ]\n    }\n  ]\n}",
                            "role": "bastions.aidinevolvecyber-uat.com"
                        },
                        "meta": {},
                        "tainted": false
                    },
                    "deposed": [],
                    "provider": "provider.aws"
                },
                "aws_iam_role_policy.masters-aidinevolvecyber-uat-com": {
                    "type": "aws_iam_role_policy",
                    "depends_on": [
                        "aws_iam_role.masters-aidinevolvecyber-uat-com"
                    ],
                    "primary": {
                        "id": "masters.aidinevolvecyber-uat.com:masters.aidinevolvecyber-uat.com",
                        "attributes": {
                            "id": "masters.aidinevolvecyber-uat.com:masters.aidinevolvecyber-uat.com",
                            "name": "masters.aidinevolvecyber-uat.com",
                            "policy": "{\n  \"Version\": \"2012-10-17\",\n  \"Statement\": [\n    {\n      \"Effect\": \"Allow\",\n      \"Action\": [\n        \"ec2:DescribeInstances\",\n        \"ec2:DescribeRegions\",\n        \"ec2:DescribeRouteTables\",\n        \"ec2:DescribeSecurityGroups\",\n        \"ec2:DescribeSubnets\",\n        \"ec2:DescribeVolumes\"\n      ],\n      \"Resource\": [\n        \"*\"\n      ]\n    },\n    {\n      \"Effect\": \"Allow\",\n      \"Action\": [\n        \"ec2:CreateSecurityGroup\",\n        \"ec2:CreateTags\",\n        \"ec2:CreateVolume\",\n        \"ec2:DescribeVolumesModifications\",\n        \"ec2:ModifyInstanceAttribute\",\n        \"ec2:ModifyVolume\"\n      ],\n      \"Resource\": [\n        \"*\"\n      ]\n    },\n    {\n      \"Effect\": \"Allow\",\n      \"Action\": [\n        \"ec2:AttachVolume\",\n        \"ec2:AuthorizeSecurityGroupIngress\",\n        \"ec2:CreateRoute\",\n        \"ec2:DeleteRoute\",\n        \"ec2:DeleteSecurityGroup\",\n        \"ec2:DeleteVolume\",\n        \"ec2:DetachVolume\",\n        \"ec2:RevokeSecurityGroupIngress\"\n      ],\n      \"Resource\": [\n        \"*\"\n      ],\n      \"Condition\": {\n        \"StringEquals\": {\n          \"ec2:ResourceTag/KubernetesCluster\": \"aidinevolvecyber-uat.com\"\n        }\n      }\n    },\n    {\n      \"Effect\": \"Allow\",\n      \"Action\": [\n        \"autoscaling:DescribeAutoScalingGroups\",\n        \"autoscaling:DescribeLaunchConfigurations\",\n        \"autoscaling:DescribeTags\"\n      ],\n      \"Resource\": [\n        \"*\"\n      ]\n    },\n    {\n      \"Effect\": \"Allow\",\n      \"Action\": [\n        \"autoscaling:SetDesiredCapacity\",\n        \"autoscaling:TerminateInstanceInAutoScalingGroup\",\n        \"autoscaling:UpdateAutoScalingGroup\"\n      ],\n      \"Resource\": [\n        \"*\"\n      ],\n      \"Condition\": {\n        \"StringEquals\": {\n          \"autoscaling:ResourceTag/KubernetesCluster\": \"aidinevolvecyber-uat.com\"\n        }\n      }\n    },\n    {\n      \"Effect\": \"Allow\",\n      \"Action\": [\n        \"elasticloadbalancing:AddTags\",\n        \"elasticloadbalancing:AttachLoadBalancerToSubnets\",\n        \"elasticloadbalancing:ApplySecurityGroupsToLoadBalancer\",\n        \"elasticloadbalancing:CreateLoadBalancer\",\n        \"elasticloadbalancing:CreateLoadBalancerPolicy\",\n        \"elasticloadbalancing:CreateLoadBalancerListeners\",\n        \"elasticloadbalancing:ConfigureHealthCheck\",\n        \"elasticloadbalancing:DeleteLoadBalancer\",\n        \"elasticloadbalancing:DeleteLoadBalancerListeners\",\n        \"elasticloadbalancing:DescribeLoadBalancers\",\n        \"elasticloadbalancing:DescribeLoadBalancerAttributes\",\n        \"elasticloadbalancing:DetachLoadBalancerFromSubnets\",\n        \"elasticloadbalancing:DeregisterInstancesFromLoadBalancer\",\n        \"elasticloadbalancing:ModifyLoadBalancerAttributes\",\n        \"elasticloadbalancing:RegisterInstancesWithLoadBalancer\",\n        \"elasticloadbalancing:SetLoadBalancerPoliciesForBackendServer\"\n      ],\n      \"Resource\": [\n        \"*\"\n      ]\n    },\n    {\n      \"Effect\": \"Allow\",\n      \"Action\": [\n        \"ec2:DescribeVpcs\",\n        \"elasticloadbalancing:AddTags\",\n        \"elasticloadbalancing:CreateListener\",\n        \"elasticloadbalancing:CreateTargetGroup\",\n        \"elasticloadbalancing:DeleteListener\",\n        \"elasticloadbalancing:DeleteTargetGroup\",\n        \"elasticloadbalancing:DescribeListeners\",\n        \"elasticloadbalancing:DescribeLoadBalancerPolicies\",\n        \"elasticloadbalancing:DescribeTargetGroups\",\n        \"elasticloadbalancing:DescribeTargetHealth\",\n        \"elasticloadbalancing:ModifyListener\",\n        \"elasticloadbalancing:ModifyTargetGroup\",\n        \"elasticloadbalancing:RegisterTargets\",\n        \"elasticloadbalancing:SetLoadBalancerPoliciesOfListener\"\n      ],\n      \"Resource\": [\n        \"*\"\n      ]\n    },\n    {\n      \"Effect\": \"Allow\",\n      \"Action\": [\n        \"iam:ListServerCertificates\",\n        \"iam:GetServerCertificate\"\n      ],\n      \"Resource\": [\n        \"*\"\n      ]\n    },\n    {\n      \"Effect\": \"Allow\",\n      \"Action\": [\n        \"s3:GetBucketLocation\",\n        \"s3:ListBucket\"\n      ],\n      \"Resource\": [\n        \"arn:aws:s3:::aidinevolvecyber-uat\"\n      ]\n    },\n    {\n      \"Effect\": \"Allow\",\n      \"Action\": [\n        \"s3:Get*\"\n      ],\n      \"Resource\": \"arn:aws:s3:::aidinevolvecyber-uat/aidinevolvecyber-uat.com/*\"\n    },\n    {\n      \"Effect\": \"Allow\",\n      \"Action\": [\n        \"route53:ChangeResourceRecordSets\",\n        \"route53:ListResourceRecordSets\",\n        \"route53:GetHostedZone\"\n      ],\n      \"Resource\": [\n        \"arn:aws:route53:::hostedzone/Z3GBY4RES2RR23\"\n      ]\n    },\n    {\n      \"Effect\": \"Allow\",\n      \"Action\": [\n        \"route53:GetChange\"\n      ],\n      \"Resource\": [\n        \"arn:aws:route53:::change/*\"\n      ]\n    },\n    {\n      \"Effect\": \"Allow\",\n      \"Action\": [\n        \"route53:ListHostedZones\"\n      ],\n      \"Resource\": [\n        \"*\"\n      ]\n    },\n    {\n      \"Effect\": \"Allow\",\n      \"Action\": [\n        \"ecr:GetAuthorizationToken\",\n        \"ecr:BatchCheckLayerAvailability\",\n        \"ecr:GetDownloadUrlForLayer\",\n        \"ecr:GetRepositoryPolicy\",\n        \"ecr:DescribeRepositories\",\n        \"ecr:ListImages\",\n        \"ecr:BatchGetImage\"\n      ],\n      \"Resource\": [\n        \"*\"\n      ]\n    }\n  ]\n}",
                            "role": "masters.aidinevolvecyber-uat.com"
                        },
                        "meta": {},
                        "tainted": false
                    },
                    "deposed": [],
                    "provider": "provider.aws"
                },
                "aws_iam_role_policy.nodes-aidinevolvecyber-uat-com": {
                    "type": "aws_iam_role_policy",
                    "depends_on": [
                        "aws_iam_role.nodes-aidinevolvecyber-uat-com"
                    ],
                    "primary": {
                        "id": "nodes.aidinevolvecyber-uat.com:nodes.aidinevolvecyber-uat.com",
                        "attributes": {
                            "id": "nodes.aidinevolvecyber-uat.com:nodes.aidinevolvecyber-uat.com",
                            "name": "nodes.aidinevolvecyber-uat.com",
                            "policy": "{\n  \"Version\": \"2012-10-17\",\n  \"Statement\": [\n    {\n      \"Effect\": \"Allow\",\n      \"Action\": [\n        \"ec2:DescribeInstances\",\n        \"ec2:DescribeRegions\"\n      ],\n      \"Resource\": [\n        \"*\"\n      ]\n    },\n    {\n      \"Effect\": \"Allow\",\n      \"Action\": [\n        \"s3:GetBucketLocation\",\n        \"s3:ListBucket\"\n      ],\n      \"Resource\": [\n        \"arn:aws:s3:::aidinevolvecyber-uat\"\n      ]\n    },\n    {\n      \"Effect\": \"Allow\",\n      \"Action\": [\n        \"s3:Get*\"\n      ],\n      \"Resource\": [\n        \"arn:aws:s3:::aidinevolvecyber-uat/aidinevolvecyber-uat.com/addons/*\",\n        \"arn:aws:s3:::aidinevolvecyber-uat/aidinevolvecyber-uat.com/cluster.spec\",\n        \"arn:aws:s3:::aidinevolvecyber-uat/aidinevolvecyber-uat.com/config\",\n        \"arn:aws:s3:::aidinevolvecyber-uat/aidinevolvecyber-uat.com/instancegroup/*\",\n        \"arn:aws:s3:::aidinevolvecyber-uat/aidinevolvecyber-uat.com/pki/issued/*\",\n        \"arn:aws:s3:::aidinevolvecyber-uat/aidinevolvecyber-uat.com/pki/private/kube-proxy/*\",\n        \"arn:aws:s3:::aidinevolvecyber-uat/aidinevolvecyber-uat.com/pki/private/kubelet/*\",\n        \"arn:aws:s3:::aidinevolvecyber-uat/aidinevolvecyber-uat.com/pki/ssh/*\",\n        \"arn:aws:s3:::aidinevolvecyber-uat/aidinevolvecyber-uat.com/secrets/dockerconfig\"\n      ]\n    },\n    {\n      \"Effect\": \"Allow\",\n      \"Action\": [\n        \"ecr:GetAuthorizationToken\",\n        \"ecr:BatchCheckLayerAvailability\",\n        \"ecr:GetDownloadUrlForLayer\",\n        \"ecr:GetRepositoryPolicy\",\n        \"ecr:DescribeRepositories\",\n        \"ecr:ListImages\",\n        \"ecr:BatchGetImage\"\n      ],\n      \"Resource\": [\n        \"*\"\n      ]\n    }\n  ]\n}",
                            "role": "nodes.aidinevolvecyber-uat.com"
                        },
                        "meta": {},
                        "tainted": false
                    },
                    "deposed": [],
                    "provider": "provider.aws"
                },
                "aws_internet_gateway.aidinevolvecyber-uat-com": {
                    "type": "aws_internet_gateway",
                    "depends_on": [
                        "aws_vpc.aidinevolvecyber-uat-com"
                    ],
                    "primary": {
                        "id": "igw-0418f9fd0a476fd38",
                        "attributes": {
                            "id": "igw-0418f9fd0a476fd38",
                            "owner_id": "360471728799",
                            "tags.%": "3",
                            "tags.KubernetesCluster": "aidinevolvecyber-uat.com",
                            "tags.Name": "aidinevolvecyber-uat.com",
                            "tags.kubernetes.io/cluster/aidinevolvecyber-uat.com": "owned",
                            "vpc_id": "vpc-01be1b5b2f6839949"
                        },
                        "meta": {},
                        "tainted": false
                    },
                    "deposed": [],
                    "provider": "provider.aws"
                },
                "aws_key_pair.kubernetes-aidinevolvecyber-uat-com-825c367a42a48b5094e537ea1f18a200": {
                    "type": "aws_key_pair",
                    "depends_on": [],
                    "primary": {
                        "id": "kubernetes.aidinevolvecyber-uat.com-82:5c:36:7a:42:a4:8b:50:94:e5:37:ea:1f:18:a2:00",
                        "attributes": {
                            "fingerprint": "43:ee:60:0e:95:ec:41:af:0c:72:d1:85:2d:8d:7f:a2",
                            "id": "kubernetes.aidinevolvecyber-uat.com-82:5c:36:7a:42:a4:8b:50:94:e5:37:ea:1f:18:a2:00",
                            "key_name": "kubernetes.aidinevolvecyber-uat.com-82:5c:36:7a:42:a4:8b:50:94:e5:37:ea:1f:18:a2:00",
                            "public_key": "ssh-rsa AAAAB3NzaC1yc2EAAAADAQABAAABAQCcqqM+n+g+EokSOxQh64HW6mnHXsVArUJGF/+xqilf7BtIE5rM5gdkZ6EmO5BWvjhmreaIONGoi/6ZGBwKKKf8ar/eEyewIfbTUgWTjgaza4qpCObCJ8Gy8bCyLfZ5/++iHlg+i536PxA+aVDkD0bIycPjfFWfIPac3Rd97v1DRY8rKtMsWDTbCtfBcIMCzAE4KaE0qWCGnxODEHzdSlRmFrntcokCzi3tq6cZ0SupapUAjhjPjT52nhKTT19bZhfOghJVKprJneOBhLGw1gUeZzxFo5s0ZRdU5WVdUEw+7StgeU+rYd1EQZT39Ik3SOsurf45VjDzCBmMkWahA8MJ root@terraform"
                        },
                        "meta": {
                            "schema_version": "1"
                        },
                        "tainted": false
                    },
                    "deposed": [],
                    "provider": "provider.aws"
                },
                "aws_launch_configuration.bastions-aidinevolvecyber-uat-com": {
                    "type": "aws_launch_configuration",
                    "depends_on": [
                        "aws_iam_instance_profile.bastions-aidinevolvecyber-uat-com",
                        "aws_key_pair.kubernetes-aidinevolvecyber-uat-com-825c367a42a48b5094e537ea1f18a200",
                        "aws_security_group.bastion-aidinevolvecyber-uat-com"
                    ],
                    "primary": {
                        "id": "bastions.aidinevolvecyber-uat.com-20190103004650073500000001",
                        "attributes": {
                            "associate_public_ip_address": "true",
                            "ebs_block_device.#": "0",
                            "ebs_optimized": "false",
                            "enable_monitoring": "false",
                            "ephemeral_block_device.#": "0",
                            "iam_instance_profile": "bastions.aidinevolvecyber-uat.com",
                            "id": "bastions.aidinevolvecyber-uat.com-20190103004650073500000001",
                            "image_id": "ami-09b955ecb52ae9bcf",
                            "instance_type": "t2.micro",
                            "key_name": "kubernetes.aidinevolvecyber-uat.com-82:5c:36:7a:42:a4:8b:50:94:e5:37:ea:1f:18:a2:00",
                            "name": "bastions.aidinevolvecyber-uat.com-20190103004650073500000001",
                            "name_prefix": "bastions.aidinevolvecyber-uat.com-",
                            "root_block_device.#": "1",
                            "root_block_device.0.delete_on_termination": "true",
                            "root_block_device.0.iops": "0",
                            "root_block_device.0.volume_size": "32",
                            "root_block_device.0.volume_type": "gp2",
                            "security_groups.#": "1",
                            "security_groups.170104451": "sg-036ffdc043597ba65",
                            "spot_price": "",
                            "vpc_classic_link_id": "",
                            "vpc_classic_link_security_groups.#": "0"
                        },
                        "meta": {},
                        "tainted": false
                    },
                    "deposed": [],
                    "provider": "provider.aws"
                },
                "aws_launch_configuration.master-eu-west-1a-masters-aidinevolvecyber-uat-com": {
                    "type": "aws_launch_configuration",
                    "depends_on": [
                        "aws_iam_instance_profile.masters-aidinevolvecyber-uat-com",
                        "aws_key_pair.kubernetes-aidinevolvecyber-uat-com-825c367a42a48b5094e537ea1f18a200",
                        "aws_security_group.masters-aidinevolvecyber-uat-com"
                    ],
                    "primary": {
                        "id": "master-eu-west-1a.masters.aidinevolvecyber-uat.com-20190103004653286500000004",
                        "attributes": {
                            "associate_public_ip_address": "false",
                            "ebs_block_device.#": "0",
                            "ebs_optimized": "false",
                            "enable_monitoring": "false",
                            "ephemeral_block_device.#": "1",
                            "ephemeral_block_device.3292514005.device_name": "/dev/sdc",
                            "ephemeral_block_device.3292514005.virtual_name": "ephemeral0",
                            "iam_instance_profile": "masters.aidinevolvecyber-uat.com",
                            "id": "master-eu-west-1a.masters.aidinevolvecyber-uat.com-20190103004653286500000004",
                            "image_id": "ami-09b955ecb52ae9bcf",
                            "instance_type": "m3.medium",
                            "key_name": "kubernetes.aidinevolvecyber-uat.com-82:5c:36:7a:42:a4:8b:50:94:e5:37:ea:1f:18:a2:00",
                            "name": "master-eu-west-1a.masters.aidinevolvecyber-uat.com-20190103004653286500000004",
                            "name_prefix": "master-eu-west-1a.masters.aidinevolvecyber-uat.com-",
                            "root_block_device.#": "1",
                            "root_block_device.0.delete_on_termination": "true",
                            "root_block_device.0.iops": "0",
                            "root_block_device.0.volume_size": "64",
                            "root_block_device.0.volume_type": "gp2",
                            "security_groups.#": "1",
                            "security_groups.1197607639": "sg-06fd18b6b7650785d",
                            "spot_price": "",
                            "user_data": "54e2f184bb1c4e146ee2b6816bced41b976c2fd9",
                            "vpc_classic_link_id": "",
                            "vpc_classic_link_security_groups.#": "0"
                        },
                        "meta": {},
                        "tainted": false
                    },
                    "deposed": [],
                    "provider": "provider.aws"
                },
                "aws_launch_configuration.master-eu-west-1b-masters-aidinevolvecyber-uat-com": {
                    "type": "aws_launch_configuration",
                    "depends_on": [
                        "aws_iam_instance_profile.masters-aidinevolvecyber-uat-com",
                        "aws_key_pair.kubernetes-aidinevolvecyber-uat-com-825c367a42a48b5094e537ea1f18a200",
                        "aws_security_group.masters-aidinevolvecyber-uat-com"
                    ],
                    "primary": {
                        "id": "master-eu-west-1b.masters.aidinevolvecyber-uat.com-20190103004652387400000003",
                        "attributes": {
                            "associate_public_ip_address": "false",
                            "ebs_block_device.#": "0",
                            "ebs_optimized": "false",
                            "enable_monitoring": "false",
                            "ephemeral_block_device.#": "1",
                            "ephemeral_block_device.3292514005.device_name": "/dev/sdc",
                            "ephemeral_block_device.3292514005.virtual_name": "ephemeral0",
                            "iam_instance_profile": "masters.aidinevolvecyber-uat.com",
                            "id": "master-eu-west-1b.masters.aidinevolvecyber-uat.com-20190103004652387400000003",
                            "image_id": "ami-09b955ecb52ae9bcf",
                            "instance_type": "m3.medium",
                            "key_name": "kubernetes.aidinevolvecyber-uat.com-82:5c:36:7a:42:a4:8b:50:94:e5:37:ea:1f:18:a2:00",
                            "name": "master-eu-west-1b.masters.aidinevolvecyber-uat.com-20190103004652387400000003",
                            "name_prefix": "master-eu-west-1b.masters.aidinevolvecyber-uat.com-",
                            "root_block_device.#": "1",
                            "root_block_device.0.delete_on_termination": "true",
                            "root_block_device.0.iops": "0",
                            "root_block_device.0.volume_size": "64",
                            "root_block_device.0.volume_type": "gp2",
                            "security_groups.#": "1",
                            "security_groups.1197607639": "sg-06fd18b6b7650785d",
                            "spot_price": "",
                            "user_data": "87eb6c18e2c59891e3bae303f611779d7aba5f00",
                            "vpc_classic_link_id": "",
                            "vpc_classic_link_security_groups.#": "0"
                        },
                        "meta": {},
                        "tainted": false
                    },
                    "deposed": [],
                    "provider": "provider.aws"
                },
                "aws_launch_configuration.master-eu-west-1c-masters-aidinevolvecyber-uat-com": {
                    "type": "aws_launch_configuration",
                    "depends_on": [
                        "aws_iam_instance_profile.masters-aidinevolvecyber-uat-com",
                        "aws_key_pair.kubernetes-aidinevolvecyber-uat-com-825c367a42a48b5094e537ea1f18a200",
                        "aws_security_group.masters-aidinevolvecyber-uat-com"
                    ],
                    "primary": {
                        "id": "master-eu-west-1c.masters.aidinevolvecyber-uat.com-20190103004654557400000005",
                        "attributes": {
                            "associate_public_ip_address": "false",
                            "ebs_block_device.#": "0",
                            "ebs_optimized": "false",
                            "enable_monitoring": "false",
                            "ephemeral_block_device.#": "1",
                            "ephemeral_block_device.3292514005.device_name": "/dev/sdc",
                            "ephemeral_block_device.3292514005.virtual_name": "ephemeral0",
                            "iam_instance_profile": "masters.aidinevolvecyber-uat.com",
                            "id": "master-eu-west-1c.masters.aidinevolvecyber-uat.com-20190103004654557400000005",
                            "image_id": "ami-09b955ecb52ae9bcf",
                            "instance_type": "m3.medium",
                            "key_name": "kubernetes.aidinevolvecyber-uat.com-82:5c:36:7a:42:a4:8b:50:94:e5:37:ea:1f:18:a2:00",
                            "name": "master-eu-west-1c.masters.aidinevolvecyber-uat.com-20190103004654557400000005",
                            "name_prefix": "master-eu-west-1c.masters.aidinevolvecyber-uat.com-",
                            "root_block_device.#": "1",
                            "root_block_device.0.delete_on_termination": "true",
                            "root_block_device.0.iops": "0",
                            "root_block_device.0.volume_size": "64",
                            "root_block_device.0.volume_type": "gp2",
                            "security_groups.#": "1",
                            "security_groups.1197607639": "sg-06fd18b6b7650785d",
                            "spot_price": "",
                            "user_data": "e3d1b74a7a694661314c9a89e2cc06e508eece42",
                            "vpc_classic_link_id": "",
                            "vpc_classic_link_security_groups.#": "0"
                        },
                        "meta": {},
                        "tainted": false
                    },
                    "deposed": [],
                    "provider": "provider.aws"
                },
                "aws_launch_configuration.nodes-aidinevolvecyber-uat-com": {
                    "type": "aws_launch_configuration",
                    "depends_on": [
                        "aws_iam_instance_profile.nodes-aidinevolvecyber-uat-com",
                        "aws_key_pair.kubernetes-aidinevolvecyber-uat-com-825c367a42a48b5094e537ea1f18a200",
                        "aws_security_group.nodes-aidinevolvecyber-uat-com"
                    ],
                    "primary": {
                        "id": "nodes.aidinevolvecyber-uat.com-20190103004650378600000002",
                        "attributes": {
                            "associate_public_ip_address": "false",
                            "ebs_block_device.#": "0",
                            "ebs_optimized": "false",
                            "enable_monitoring": "false",
                            "ephemeral_block_device.#": "0",
                            "iam_instance_profile": "nodes.aidinevolvecyber-uat.com",
                            "id": "nodes.aidinevolvecyber-uat.com-20190103004650378600000002",
                            "image_id": "ami-09b955ecb52ae9bcf",
                            "instance_type": "t2.medium",
                            "key_name": "kubernetes.aidinevolvecyber-uat.com-82:5c:36:7a:42:a4:8b:50:94:e5:37:ea:1f:18:a2:00",
                            "name": "nodes.aidinevolvecyber-uat.com-20190103004650378600000002",
                            "name_prefix": "nodes.aidinevolvecyber-uat.com-",
                            "root_block_device.#": "1",
                            "root_block_device.0.delete_on_termination": "true",
                            "root_block_device.0.iops": "0",
                            "root_block_device.0.volume_size": "128",
                            "root_block_device.0.volume_type": "gp2",
                            "security_groups.#": "1",
                            "security_groups.3283161992": "sg-0b06c5160d6f443cf",
                            "spot_price": "",
                            "user_data": "40760f10d69ea8d3e76a13a89d956327d41aa73d",
                            "vpc_classic_link_id": "",
                            "vpc_classic_link_security_groups.#": "0"
                        },
                        "meta": {},
                        "tainted": false
                    },
                    "deposed": [],
                    "provider": "provider.aws"
                },
                "aws_nat_gateway.eu-west-1b-aidinevolvecyber-uat-com": {
                    "type": "aws_nat_gateway",
                    "depends_on": [
                        "aws_eip.eu-west-1b-aidinevolvecyber-uat-com",
                        "aws_subnet.utility-eu-west-1b-aidinevolvecyber-uat-com"
                    ],
                    "primary": {
                        "id": "nat-0fc634b91978fc784",
                        "attributes": {
                            "allocation_id": "eipalloc-06112bc42d2f3ca30",
                            "id": "nat-0fc634b91978fc784",
                            "network_interface_id": "eni-0989194ae3d78054d",
                            "private_ip": "172.20.5.242",
                            "public_ip": "18.203.140.202",
                            "subnet_id": "subnet-0fbda808e2ab64ccb",
                            "tags.%": "3",
                            "tags.KubernetesCluster": "aidinevolvecyber-uat.com",
                            "tags.Name": "eu-west-1b.aidinevolvecyber-uat.com",
                            "tags.kubernetes.io/cluster/aidinevolvecyber-uat.com": "owned"
                        },
                        "meta": {},
                        "tainted": false
                    },
                    "deposed": [],
                    "provider": "provider.aws"
                },
                "aws_nat_gateway.eu-west-1c-aidinevolvecyber-uat-com": {
                    "type": "aws_nat_gateway",
                    "depends_on": [
                        "aws_eip.eu-west-1c-aidinevolvecyber-uat-com",
                        "aws_subnet.utility-eu-west-1c-aidinevolvecyber-uat-com"
                    ],
                    "primary": {
                        "id": "nat-06e545efbada83627",
                        "attributes": {
                            "allocation_id": "eipalloc-084cbf4d9cc5d06fa",
                            "id": "nat-06e545efbada83627",
                            "network_interface_id": "eni-0b799b643477870c7",
                            "private_ip": "172.20.10.85",
                            "public_ip": "18.203.121.206",
                            "subnet_id": "subnet-05de8ceaaa4640876",
                            "tags.%": "3",
                            "tags.KubernetesCluster": "aidinevolvecyber-uat.com",
                            "tags.Name": "eu-west-1c.aidinevolvecyber-uat.com",
                            "tags.kubernetes.io/cluster/aidinevolvecyber-uat.com": "owned"
                        },
                        "meta": {},
                        "tainted": false
                    },
                    "deposed": [],
                    "provider": "provider.aws"
                },
                "aws_route.0-0-0-0--0": {
                    "type": "aws_route",
                    "depends_on": [
                        "aws_internet_gateway.aidinevolvecyber-uat-com",
                        "aws_route_table.aidinevolvecyber-uat-com"
                    ],
                    "primary": {
                        "id": "r-rtb-0e9e47c555511d7951080289494",
                        "attributes": {
                            "destination_cidr_block": "0.0.0.0/0",
                            "destination_prefix_list_id": "",
                            "egress_only_gateway_id": "",
                            "gateway_id": "igw-0418f9fd0a476fd38",
                            "id": "r-rtb-0e9e47c555511d7951080289494",
                            "instance_id": "",
                            "instance_owner_id": "",
                            "nat_gateway_id": "",
                            "network_interface_id": "",
                            "origin": "CreateRoute",
                            "route_table_id": "rtb-0e9e47c555511d795",
                            "state": "active",
                            "transit_gateway_id": "",
                            "vpc_peering_connection_id": ""
                        },
                        "meta": {
                            "e2bfb730-ecaa-11e6-8f88-34363bc7c4c0": {
                                "create": 120000000000,
                                "delete": 300000000000
                            }
                        },
                        "tainted": false
                    },
                    "deposed": [],
                    "provider": "provider.aws"
                },
                "aws_route.private-eu-west-1b-0-0-0-0--0": {
                    "type": "aws_route",
                    "depends_on": [
                        "aws_nat_gateway.eu-west-1b-aidinevolvecyber-uat-com",
                        "aws_route_table.private-eu-west-1b-aidinevolvecyber-uat-com"
                    ],
                    "primary": {
                        "id": "r-rtb-07cf8c3fe7329920d1080289494",
                        "attributes": {
                            "destination_cidr_block": "0.0.0.0/0",
                            "destination_prefix_list_id": "",
                            "egress_only_gateway_id": "",
                            "gateway_id": "",
                            "id": "r-rtb-07cf8c3fe7329920d1080289494",
                            "instance_id": "",
                            "instance_owner_id": "",
                            "nat_gateway_id": "nat-0fc634b91978fc784",
                            "network_interface_id": "",
                            "origin": "CreateRoute",
                            "route_table_id": "rtb-07cf8c3fe7329920d",
                            "state": "active",
                            "transit_gateway_id": "",
                            "vpc_peering_connection_id": ""
                        },
                        "meta": {
                            "e2bfb730-ecaa-11e6-8f88-34363bc7c4c0": {
                                "create": 120000000000,
                                "delete": 300000000000
                            }
                        },
                        "tainted": false
                    },
                    "deposed": [],
                    "provider": "provider.aws"
                },
                "aws_route.private-eu-west-1c-0-0-0-0--0": {
                    "type": "aws_route",
                    "depends_on": [
                        "aws_nat_gateway.eu-west-1c-aidinevolvecyber-uat-com",
                        "aws_route_table.private-eu-west-1c-aidinevolvecyber-uat-com"
                    ],
                    "primary": {
                        "id": "r-rtb-052e260ea2a9c5ce31080289494",
                        "attributes": {
                            "destination_cidr_block": "0.0.0.0/0",
                            "destination_prefix_list_id": "",
                            "egress_only_gateway_id": "",
                            "gateway_id": "",
                            "id": "r-rtb-052e260ea2a9c5ce31080289494",
                            "instance_id": "",
                            "instance_owner_id": "",
                            "nat_gateway_id": "nat-06e545efbada83627",
                            "network_interface_id": "",
                            "origin": "CreateRoute",
                            "route_table_id": "rtb-052e260ea2a9c5ce3",
                            "state": "active",
                            "transit_gateway_id": "",
                            "vpc_peering_connection_id": ""
                        },
                        "meta": {
                            "e2bfb730-ecaa-11e6-8f88-34363bc7c4c0": {
                                "create": 120000000000,
                                "delete": 300000000000
                            }
                        },
                        "tainted": false
                    },
                    "deposed": [],
                    "provider": "provider.aws"
                },
                "aws_route53_record.api-aidinevolvecyber-uat-com": {
                    "type": "aws_route53_record",
                    "depends_on": [
                        "aws_elb.api-aidinevolvecyber-uat-com"
                    ],
                    "primary": {
                        "id": "Z3GBY4RES2RR23_api.aidinevolvecyber-uat.com_A",
                        "attributes": {
                            "alias.#": "1",
                            "alias.2007536737.evaluate_target_health": "false",
                            "alias.2007536737.name": "api-aidinevolvecyber-uat--akp8t6-1321216978.eu-west-1.elb.amazonaws.com",
                            "alias.2007536737.zone_id": "Z32O12XQLNTSW2",
                            "allow_overwrite": "true",
                            "fqdn": "api.aidinevolvecyber-uat.com",
                            "id": "Z3GBY4RES2RR23_api.aidinevolvecyber-uat.com_A",
                            "name": "api.aidinevolvecyber-uat.com",
                            "type": "A",
                            "zone_id": "/hostedzone/Z3GBY4RES2RR23"
                        },
                        "meta": {
                            "schema_version": "2"
                        },
                        "tainted": false
                    },
                    "deposed": [],
                    "provider": "provider.aws"
                },
                "aws_route53_record.bastion-aidinevolvecyber-uat-com": {
                    "type": "aws_route53_record",
                    "depends_on": [
                        "aws_elb.bastion-aidinevolvecyber-uat-com"
                    ],
                    "primary": {
                        "id": "Z3GBY4RES2RR23_bastion.aidinevolvecyber-uat.com_A",
                        "attributes": {
                            "alias.#": "1",
                            "alias.725741307.evaluate_target_health": "false",
                            "alias.725741307.name": "bastion-aidinevolvecyber--b7nh88-642007449.eu-west-1.elb.amazonaws.com",
                            "alias.725741307.zone_id": "Z32O12XQLNTSW2",
                            "allow_overwrite": "true",
                            "fqdn": "bastion.aidinevolvecyber-uat.com",
                            "id": "Z3GBY4RES2RR23_bastion.aidinevolvecyber-uat.com_A",
                            "name": "bastion.aidinevolvecyber-uat.com",
                            "type": "A",
                            "zone_id": "/hostedzone/Z3GBY4RES2RR23"
                        },
                        "meta": {
                            "schema_version": "2"
                        },
                        "tainted": false
                    },
                    "deposed": [],
                    "provider": "provider.aws"
                },
                "aws_route53_zone_association.Z3GBY4RES2RR23": {
                    "type": "aws_route53_zone_association",
                    "depends_on": [
                        "aws_vpc.aidinevolvecyber-uat-com"
                    ],
                    "primary": {
                        "id": "/hostedzone/Z3GBY4RES2RR23:vpc-01be1b5b2f6839949",
                        "attributes": {
                            "id": "/hostedzone/Z3GBY4RES2RR23:vpc-01be1b5b2f6839949",
                            "vpc_id": "vpc-01be1b5b2f6839949",
                            "vpc_region": "eu-west-1",
                            "zone_id": "/hostedzone/Z3GBY4RES2RR23"
                        },
                        "meta": {},
                        "tainted": false
                    },
                    "deposed": [],
                    "provider": "provider.aws"
                },
                "aws_route_table.aidinevolvecyber-uat-com": {
                    "type": "aws_route_table",
                    "depends_on": [
                        "aws_vpc.aidinevolvecyber-uat-com"
                    ],
                    "primary": {
                        "id": "rtb-0e9e47c555511d795",
                        "attributes": {
                            "id": "rtb-0e9e47c555511d795",
                            "owner_id": "360471728799",
                            "propagating_vgws.#": "0",
                            "route.#": "0",
                            "tags.%": "4",
                            "tags.KubernetesCluster": "aidinevolvecyber-uat.com",
                            "tags.Name": "aidinevolvecyber-uat.com",
                            "tags.kubernetes.io/cluster/aidinevolvecyber-uat.com": "owned",
                            "tags.kubernetes.io/kops/role": "public",
                            "vpc_id": "vpc-01be1b5b2f6839949"
                        },
                        "meta": {},
                        "tainted": false
                    },
                    "deposed": [],
                    "provider": "provider.aws"
                },
                "aws_route_table.private-eu-west-1a-aidinevolvecyber-uat-com": {
                    "type": "aws_route_table",
                    "depends_on": [
                        "aws_vpc.aidinevolvecyber-uat-com"
                    ],
                    "primary": {
                        "id": "rtb-0cfd36453194e035b",
                        "attributes": {
                            "id": "rtb-0cfd36453194e035b",
                            "owner_id": "360471728799",
                            "propagating_vgws.#": "0",
                            "route.#": "0",
                            "tags.%": "4",
                            "tags.KubernetesCluster": "aidinevolvecyber-uat.com",
                            "tags.Name": "private-eu-west-1a.aidinevolvecyber-uat.com",
                            "tags.kubernetes.io/cluster/aidinevolvecyber-uat.com": "owned",
                            "tags.kubernetes.io/kops/role": "private-eu-west-1a",
                            "vpc_id": "vpc-01be1b5b2f6839949"
                        },
                        "meta": {},
                        "tainted": false
                    },
                    "deposed": [],
                    "provider": "provider.aws"
                },
                "aws_route_table.private-eu-west-1b-aidinevolvecyber-uat-com": {
                    "type": "aws_route_table",
                    "depends_on": [
                        "aws_vpc.aidinevolvecyber-uat-com"
                    ],
                    "primary": {
                        "id": "rtb-07cf8c3fe7329920d",
                        "attributes": {
                            "id": "rtb-07cf8c3fe7329920d",
                            "owner_id": "360471728799",
                            "propagating_vgws.#": "0",
                            "route.#": "0",
                            "tags.%": "4",
                            "tags.KubernetesCluster": "aidinevolvecyber-uat.com",
                            "tags.Name": "private-eu-west-1b.aidinevolvecyber-uat.com",
                            "tags.kubernetes.io/cluster/aidinevolvecyber-uat.com": "owned",
                            "tags.kubernetes.io/kops/role": "private-eu-west-1b",
                            "vpc_id": "vpc-01be1b5b2f6839949"
                        },
                        "meta": {},
                        "tainted": false
                    },
                    "deposed": [],
                    "provider": "provider.aws"
                },
                "aws_route_table.private-eu-west-1c-aidinevolvecyber-uat-com": {
                    "type": "aws_route_table",
                    "depends_on": [
                        "aws_vpc.aidinevolvecyber-uat-com"
                    ],
                    "primary": {
                        "id": "rtb-052e260ea2a9c5ce3",
                        "attributes": {
                            "id": "rtb-052e260ea2a9c5ce3",
                            "owner_id": "360471728799",
                            "propagating_vgws.#": "0",
                            "route.#": "0",
                            "tags.%": "4",
                            "tags.KubernetesCluster": "aidinevolvecyber-uat.com",
                            "tags.Name": "private-eu-west-1c.aidinevolvecyber-uat.com",
                            "tags.kubernetes.io/cluster/aidinevolvecyber-uat.com": "owned",
                            "tags.kubernetes.io/kops/role": "private-eu-west-1c",
                            "vpc_id": "vpc-01be1b5b2f6839949"
                        },
                        "meta": {},
                        "tainted": false
                    },
                    "deposed": [],
                    "provider": "provider.aws"
                },
                "aws_route_table_association.private-eu-west-1a-aidinevolvecyber-uat-com": {
                    "type": "aws_route_table_association",
                    "depends_on": [
                        "aws_route_table.private-eu-west-1a-aidinevolvecyber-uat-com",
                        "aws_subnet.eu-west-1a-aidinevolvecyber-uat-com"
                    ],
                    "primary": {
                        "id": "rtbassoc-015acf898e6d5003a",
                        "attributes": {
                            "id": "rtbassoc-015acf898e6d5003a",
                            "route_table_id": "rtb-0cfd36453194e035b",
                            "subnet_id": "subnet-0579efbba63ea1c5b"
                        },
                        "meta": {},
                        "tainted": false
                    },
                    "deposed": [],
                    "provider": "provider.aws"
                },
                "aws_route_table_association.private-eu-west-1b-aidinevolvecyber-uat-com": {
                    "type": "aws_route_table_association",
                    "depends_on": [
                        "aws_route_table.private-eu-west-1b-aidinevolvecyber-uat-com",
                        "aws_subnet.eu-west-1b-aidinevolvecyber-uat-com"
                    ],
                    "primary": {
                        "id": "rtbassoc-0ba035395c3c70a5b",
                        "attributes": {
                            "id": "rtbassoc-0ba035395c3c70a5b",
                            "route_table_id": "rtb-07cf8c3fe7329920d",
                            "subnet_id": "subnet-0cff6bf1570ada3b2"
                        },
                        "meta": {},
                        "tainted": false
                    },
                    "deposed": [],
                    "provider": "provider.aws"
                },
                "aws_route_table_association.private-eu-west-1c-aidinevolvecyber-uat-com": {
                    "type": "aws_route_table_association",
                    "depends_on": [
                        "aws_route_table.private-eu-west-1c-aidinevolvecyber-uat-com",
                        "aws_subnet.eu-west-1c-aidinevolvecyber-uat-com"
                    ],
                    "primary": {
                        "id": "rtbassoc-0b117efba2c104696",
                        "attributes": {
                            "id": "rtbassoc-0b117efba2c104696",
                            "route_table_id": "rtb-052e260ea2a9c5ce3",
                            "subnet_id": "subnet-08f405fea8c63177f"
                        },
                        "meta": {},
                        "tainted": false
                    },
                    "deposed": [],
                    "provider": "provider.aws"
                },
                "aws_route_table_association.utility-eu-west-1a-aidinevolvecyber-uat-com": {
                    "type": "aws_route_table_association",
                    "depends_on": [
                        "aws_route_table.aidinevolvecyber-uat-com",
                        "aws_subnet.utility-eu-west-1a-aidinevolvecyber-uat-com"
                    ],
                    "primary": {
                        "id": "rtbassoc-0be1b6e0dd81ec8d8",
                        "attributes": {
                            "id": "rtbassoc-0be1b6e0dd81ec8d8",
                            "route_table_id": "rtb-0e9e47c555511d795",
                            "subnet_id": "subnet-0e1e7b5c9b883eca8"
                        },
                        "meta": {},
                        "tainted": false
                    },
                    "deposed": [],
                    "provider": "provider.aws"
                },
                "aws_route_table_association.utility-eu-west-1b-aidinevolvecyber-uat-com": {
                    "type": "aws_route_table_association",
                    "depends_on": [
                        "aws_route_table.aidinevolvecyber-uat-com",
                        "aws_subnet.utility-eu-west-1b-aidinevolvecyber-uat-com"
                    ],
                    "primary": {
                        "id": "rtbassoc-0bdc29e35395ad7cb",
                        "attributes": {
                            "id": "rtbassoc-0bdc29e35395ad7cb",
                            "route_table_id": "rtb-0e9e47c555511d795",
                            "subnet_id": "subnet-0fbda808e2ab64ccb"
                        },
                        "meta": {},
                        "tainted": false
                    },
                    "deposed": [],
                    "provider": "provider.aws"
                },
                "aws_route_table_association.utility-eu-west-1c-aidinevolvecyber-uat-com": {
                    "type": "aws_route_table_association",
                    "depends_on": [
                        "aws_route_table.aidinevolvecyber-uat-com",
                        "aws_subnet.utility-eu-west-1c-aidinevolvecyber-uat-com"
                    ],
                    "primary": {
                        "id": "rtbassoc-03871062173eeb8d0",
                        "attributes": {
                            "id": "rtbassoc-03871062173eeb8d0",
                            "route_table_id": "rtb-0e9e47c555511d795",
                            "subnet_id": "subnet-05de8ceaaa4640876"
                        },
                        "meta": {},
                        "tainted": false
                    },
                    "deposed": [],
                    "provider": "provider.aws"
                },
                "aws_security_group.api-elb-aidinevolvecyber-uat-com": {
                    "type": "aws_security_group",
                    "depends_on": [
                        "aws_vpc.aidinevolvecyber-uat-com"
                    ],
                    "primary": {
                        "id": "sg-0bcad5ca2e1867c2e",
                        "attributes": {
                            "arn": "arn:aws:ec2:eu-west-1:360471728799:security-group/sg-0bcad5ca2e1867c2e",
                            "description": "Security group for api ELB",
                            "egress.#": "0",
                            "id": "sg-0bcad5ca2e1867c2e",
                            "ingress.#": "0",
                            "name": "api-elb.aidinevolvecyber-uat.com",
                            "owner_id": "360471728799",
                            "revoke_rules_on_delete": "false",
                            "tags.%": "3",
                            "tags.KubernetesCluster": "aidinevolvecyber-uat.com",
                            "tags.Name": "api-elb.aidinevolvecyber-uat.com",
                            "tags.kubernetes.io/cluster/aidinevolvecyber-uat.com": "owned",
                            "vpc_id": "vpc-01be1b5b2f6839949"
                        },
                        "meta": {
                            "e2bfb730-ecaa-11e6-8f88-34363bc7c4c0": {
                                "create": 600000000000,
                                "delete": 600000000000
                            },
                            "schema_version": "1"
                        },
                        "tainted": false
                    },
                    "deposed": [],
                    "provider": "provider.aws"
                },
                "aws_security_group.bastion-aidinevolvecyber-uat-com": {
                    "type": "aws_security_group",
                    "depends_on": [
                        "aws_vpc.aidinevolvecyber-uat-com"
                    ],
                    "primary": {
                        "id": "sg-036ffdc043597ba65",
                        "attributes": {
                            "arn": "arn:aws:ec2:eu-west-1:360471728799:security-group/sg-036ffdc043597ba65",
                            "description": "Security group for bastion",
                            "egress.#": "0",
                            "id": "sg-036ffdc043597ba65",
                            "ingress.#": "0",
                            "name": "bastion.aidinevolvecyber-uat.com",
                            "owner_id": "360471728799",
                            "revoke_rules_on_delete": "false",
                            "tags.%": "3",
                            "tags.KubernetesCluster": "aidinevolvecyber-uat.com",
                            "tags.Name": "bastion.aidinevolvecyber-uat.com",
                            "tags.kubernetes.io/cluster/aidinevolvecyber-uat.com": "owned",
                            "vpc_id": "vpc-01be1b5b2f6839949"
                        },
                        "meta": {
                            "e2bfb730-ecaa-11e6-8f88-34363bc7c4c0": {
                                "create": 600000000000,
                                "delete": 600000000000
                            },
                            "schema_version": "1"
                        },
                        "tainted": false
                    },
                    "deposed": [],
                    "provider": "provider.aws"
                },
                "aws_security_group.bastion-elb-aidinevolvecyber-uat-com": {
                    "type": "aws_security_group",
                    "depends_on": [
                        "aws_vpc.aidinevolvecyber-uat-com"
                    ],
                    "primary": {
                        "id": "sg-09cdbde9b805644ff",
                        "attributes": {
                            "arn": "arn:aws:ec2:eu-west-1:360471728799:security-group/sg-09cdbde9b805644ff",
                            "description": "Security group for bastion ELB",
                            "egress.#": "0",
                            "id": "sg-09cdbde9b805644ff",
                            "ingress.#": "0",
                            "name": "bastion-elb.aidinevolvecyber-uat.com",
                            "owner_id": "360471728799",
                            "revoke_rules_on_delete": "false",
                            "tags.%": "3",
                            "tags.KubernetesCluster": "aidinevolvecyber-uat.com",
                            "tags.Name": "bastion-elb.aidinevolvecyber-uat.com",
                            "tags.kubernetes.io/cluster/aidinevolvecyber-uat.com": "owned",
                            "vpc_id": "vpc-01be1b5b2f6839949"
                        },
                        "meta": {
                            "e2bfb730-ecaa-11e6-8f88-34363bc7c4c0": {
                                "create": 600000000000,
                                "delete": 600000000000
                            },
                            "schema_version": "1"
                        },
                        "tainted": false
                    },
                    "deposed": [],
                    "provider": "provider.aws"
                },
                "aws_security_group.masters-aidinevolvecyber-uat-com": {
                    "type": "aws_security_group",
                    "depends_on": [
                        "aws_vpc.aidinevolvecyber-uat-com"
                    ],
                    "primary": {
                        "id": "sg-06fd18b6b7650785d",
                        "attributes": {
                            "arn": "arn:aws:ec2:eu-west-1:360471728799:security-group/sg-06fd18b6b7650785d",
                            "description": "Security group for masters",
                            "egress.#": "0",
                            "id": "sg-06fd18b6b7650785d",
                            "ingress.#": "0",
                            "name": "masters.aidinevolvecyber-uat.com",
                            "owner_id": "360471728799",
                            "revoke_rules_on_delete": "false",
                            "tags.%": "3",
                            "tags.KubernetesCluster": "aidinevolvecyber-uat.com",
                            "tags.Name": "masters.aidinevolvecyber-uat.com",
                            "tags.kubernetes.io/cluster/aidinevolvecyber-uat.com": "owned",
                            "vpc_id": "vpc-01be1b5b2f6839949"
                        },
                        "meta": {
                            "e2bfb730-ecaa-11e6-8f88-34363bc7c4c0": {
                                "create": 600000000000,
                                "delete": 600000000000
                            },
                            "schema_version": "1"
                        },
                        "tainted": false
                    },
                    "deposed": [],
                    "provider": "provider.aws"
                },
                "aws_security_group.nodes-aidinevolvecyber-uat-com": {
                    "type": "aws_security_group",
                    "depends_on": [
                        "aws_vpc.aidinevolvecyber-uat-com"
                    ],
                    "primary": {
                        "id": "sg-0b06c5160d6f443cf",
                        "attributes": {
                            "arn": "arn:aws:ec2:eu-west-1:360471728799:security-group/sg-0b06c5160d6f443cf",
                            "description": "Security group for nodes",
                            "egress.#": "0",
                            "id": "sg-0b06c5160d6f443cf",
                            "ingress.#": "0",
                            "name": "nodes.aidinevolvecyber-uat.com",
                            "owner_id": "360471728799",
                            "revoke_rules_on_delete": "false",
                            "tags.%": "3",
                            "tags.KubernetesCluster": "aidinevolvecyber-uat.com",
                            "tags.Name": "nodes.aidinevolvecyber-uat.com",
                            "tags.kubernetes.io/cluster/aidinevolvecyber-uat.com": "owned",
                            "vpc_id": "vpc-01be1b5b2f6839949"
                        },
                        "meta": {
                            "e2bfb730-ecaa-11e6-8f88-34363bc7c4c0": {
                                "create": 600000000000,
                                "delete": 600000000000
                            },
                            "schema_version": "1"
                        },
                        "tainted": false
                    },
                    "deposed": [],
                    "provider": "provider.aws"
                },
                "aws_security_group_rule.all-master-to-master": {
                    "type": "aws_security_group_rule",
                    "depends_on": [
                        "aws_security_group.masters-aidinevolvecyber-uat-com"
                    ],
                    "primary": {
                        "id": "sgrule-1451116025",
                        "attributes": {
                            "from_port": "0",
                            "id": "sgrule-1451116025",
                            "protocol": "-1",
                            "security_group_id": "sg-06fd18b6b7650785d",
                            "self": "false",
                            "source_security_group_id": "sg-06fd18b6b7650785d",
                            "to_port": "0",
                            "type": "ingress"
                        },
                        "meta": {
                            "schema_version": "2"
                        },
                        "tainted": false
                    },
                    "deposed": [],
                    "provider": "provider.aws"
                },
                "aws_security_group_rule.all-master-to-node": {
                    "type": "aws_security_group_rule",
                    "depends_on": [
                        "aws_security_group.masters-aidinevolvecyber-uat-com",
                        "aws_security_group.nodes-aidinevolvecyber-uat-com"
                    ],
                    "primary": {
                        "id": "sgrule-140994631",
                        "attributes": {
                            "from_port": "0",
                            "id": "sgrule-140994631",
                            "protocol": "-1",
                            "security_group_id": "sg-0b06c5160d6f443cf",
                            "self": "false",
                            "source_security_group_id": "sg-06fd18b6b7650785d",
                            "to_port": "0",
                            "type": "ingress"
                        },
                        "meta": {
                            "schema_version": "2"
                        },
                        "tainted": false
                    },
                    "deposed": [],
                    "provider": "provider.aws"
                },
                "aws_security_group_rule.all-node-to-node": {
                    "type": "aws_security_group_rule",
                    "depends_on": [
                        "aws_security_group.nodes-aidinevolvecyber-uat-com"
                    ],
                    "primary": {
                        "id": "sgrule-1362036175",
                        "attributes": {
                            "from_port": "0",
                            "id": "sgrule-1362036175",
                            "protocol": "-1",
                            "security_group_id": "sg-0b06c5160d6f443cf",
                            "self": "false",
                            "source_security_group_id": "sg-0b06c5160d6f443cf",
                            "to_port": "0",
                            "type": "ingress"
                        },
                        "meta": {
                            "schema_version": "2"
                        },
                        "tainted": false
                    },
                    "deposed": [],
                    "provider": "provider.aws"
                },
                "aws_security_group_rule.api-elb-egress": {
                    "type": "aws_security_group_rule",
                    "depends_on": [
                        "aws_security_group.api-elb-aidinevolvecyber-uat-com"
                    ],
                    "primary": {
                        "id": "sgrule-2646245696",
                        "attributes": {
                            "cidr_blocks.#": "1",
                            "cidr_blocks.0": "0.0.0.0/0",
                            "from_port": "0",
                            "id": "sgrule-2646245696",
                            "protocol": "-1",
                            "security_group_id": "sg-0bcad5ca2e1867c2e",
                            "self": "false",
                            "to_port": "0",
                            "type": "egress"
                        },
                        "meta": {
                            "schema_version": "2"
                        },
                        "tainted": false
                    },
                    "deposed": [],
                    "provider": "provider.aws"
                },
                "aws_security_group_rule.bastion-egress": {
                    "type": "aws_security_group_rule",
                    "depends_on": [
                        "aws_security_group.bastion-aidinevolvecyber-uat-com"
                    ],
                    "primary": {
                        "id": "sgrule-2827342981",
                        "attributes": {
                            "cidr_blocks.#": "1",
                            "cidr_blocks.0": "0.0.0.0/0",
                            "from_port": "0",
                            "id": "sgrule-2827342981",
                            "protocol": "-1",
                            "security_group_id": "sg-036ffdc043597ba65",
                            "self": "false",
                            "to_port": "0",
                            "type": "egress"
                        },
                        "meta": {
                            "schema_version": "2"
                        },
                        "tainted": false
                    },
                    "deposed": [],
                    "provider": "provider.aws"
                },
                "aws_security_group_rule.bastion-elb-egress": {
                    "type": "aws_security_group_rule",
                    "depends_on": [
                        "aws_security_group.bastion-elb-aidinevolvecyber-uat-com"
                    ],
                    "primary": {
                        "id": "sgrule-4193003448",
                        "attributes": {
                            "cidr_blocks.#": "1",
                            "cidr_blocks.0": "0.0.0.0/0",
                            "from_port": "0",
                            "id": "sgrule-4193003448",
                            "protocol": "-1",
                            "security_group_id": "sg-09cdbde9b805644ff",
                            "self": "false",
                            "to_port": "0",
                            "type": "egress"
                        },
                        "meta": {
                            "schema_version": "2"
                        },
                        "tainted": false
                    },
                    "deposed": [],
                    "provider": "provider.aws"
                },
                "aws_security_group_rule.bastion-to-master-ssh": {
                    "type": "aws_security_group_rule",
                    "depends_on": [
                        "aws_security_group.bastion-aidinevolvecyber-uat-com",
                        "aws_security_group.masters-aidinevolvecyber-uat-com"
                    ],
                    "primary": {
                        "id": "sgrule-3415734146",
                        "attributes": {
                            "from_port": "22",
                            "id": "sgrule-3415734146",
                            "protocol": "tcp",
                            "security_group_id": "sg-06fd18b6b7650785d",
                            "self": "false",
                            "source_security_group_id": "sg-036ffdc043597ba65",
                            "to_port": "22",
                            "type": "ingress"
                        },
                        "meta": {
                            "schema_version": "2"
                        },
                        "tainted": false
                    },
                    "deposed": [],
                    "provider": "provider.aws"
                },
                "aws_security_group_rule.bastion-to-node-ssh": {
                    "type": "aws_security_group_rule",
                    "depends_on": [
                        "aws_security_group.bastion-aidinevolvecyber-uat-com",
                        "aws_security_group.nodes-aidinevolvecyber-uat-com"
                    ],
                    "primary": {
                        "id": "sgrule-1187862773",
                        "attributes": {
                            "from_port": "22",
                            "id": "sgrule-1187862773",
                            "protocol": "tcp",
                            "security_group_id": "sg-0b06c5160d6f443cf",
                            "self": "false",
                            "source_security_group_id": "sg-036ffdc043597ba65",
                            "to_port": "22",
                            "type": "ingress"
                        },
                        "meta": {
                            "schema_version": "2"
                        },
                        "tainted": false
                    },
                    "deposed": [],
                    "provider": "provider.aws"
                },
                "aws_security_group_rule.https-api-elb-0-0-0-0--0": {
                    "type": "aws_security_group_rule",
                    "depends_on": [
                        "aws_security_group.api-elb-aidinevolvecyber-uat-com"
                    ],
                    "primary": {
                        "id": "sgrule-3449634239",
                        "attributes": {
                            "cidr_blocks.#": "1",
                            "cidr_blocks.0": "0.0.0.0/0",
                            "from_port": "443",
                            "id": "sgrule-3449634239",
                            "protocol": "tcp",
                            "security_group_id": "sg-0bcad5ca2e1867c2e",
                            "self": "false",
                            "to_port": "443",
                            "type": "ingress"
                        },
                        "meta": {
                            "schema_version": "2"
                        },
                        "tainted": false
                    },
                    "deposed": [],
                    "provider": "provider.aws"
                },
                "aws_security_group_rule.https-elb-to-master": {
                    "type": "aws_security_group_rule",
                    "depends_on": [
                        "aws_security_group.api-elb-aidinevolvecyber-uat-com",
                        "aws_security_group.masters-aidinevolvecyber-uat-com"
                    ],
                    "primary": {
                        "id": "sgrule-2379391976",
                        "attributes": {
                            "from_port": "443",
                            "id": "sgrule-2379391976",
                            "protocol": "tcp",
                            "security_group_id": "sg-06fd18b6b7650785d",
                            "self": "false",
                            "source_security_group_id": "sg-0bcad5ca2e1867c2e",
                            "to_port": "443",
                            "type": "ingress"
                        },
                        "meta": {
                            "schema_version": "2"
                        },
                        "tainted": false
                    },
                    "deposed": [],
                    "provider": "provider.aws"
                },
                "aws_security_group_rule.master-egress": {
                    "type": "aws_security_group_rule",
                    "depends_on": [
                        "aws_security_group.masters-aidinevolvecyber-uat-com"
                    ],
                    "primary": {
                        "id": "sgrule-2394196538",
                        "attributes": {
                            "cidr_blocks.#": "1",
                            "cidr_blocks.0": "0.0.0.0/0",
                            "from_port": "0",
                            "id": "sgrule-2394196538",
                            "protocol": "-1",
                            "security_group_id": "sg-06fd18b6b7650785d",
                            "self": "false",
                            "to_port": "0",
                            "type": "egress"
                        },
                        "meta": {
                            "schema_version": "2"
                        },
                        "tainted": false
                    },
                    "deposed": [],
                    "provider": "provider.aws"
                },
                "aws_security_group_rule.node-egress": {
                    "type": "aws_security_group_rule",
                    "depends_on": [
                        "aws_security_group.nodes-aidinevolvecyber-uat-com"
                    ],
                    "primary": {
                        "id": "sgrule-2802885764",
                        "attributes": {
                            "cidr_blocks.#": "1",
                            "cidr_blocks.0": "0.0.0.0/0",
                            "from_port": "0",
                            "id": "sgrule-2802885764",
                            "protocol": "-1",
                            "security_group_id": "sg-0b06c5160d6f443cf",
                            "self": "false",
                            "to_port": "0",
                            "type": "egress"
                        },
                        "meta": {
                            "schema_version": "2"
                        },
                        "tainted": false
                    },
                    "deposed": [],
                    "provider": "provider.aws"
                },
                "aws_security_group_rule.node-to-master-tcp-1-2379": {
                    "type": "aws_security_group_rule",
                    "depends_on": [
                        "aws_security_group.masters-aidinevolvecyber-uat-com",
                        "aws_security_group.nodes-aidinevolvecyber-uat-com"
                    ],
                    "primary": {
                        "id": "sgrule-4060667366",
                        "attributes": {
                            "from_port": "1",
                            "id": "sgrule-4060667366",
                            "protocol": "tcp",
                            "security_group_id": "sg-06fd18b6b7650785d",
                            "self": "false",
                            "source_security_group_id": "sg-0b06c5160d6f443cf",
                            "to_port": "2379",
                            "type": "ingress"
                        },
                        "meta": {
                            "schema_version": "2"
                        },
                        "tainted": false
                    },
                    "deposed": [],
                    "provider": "provider.aws"
                },
                "aws_security_group_rule.node-to-master-tcp-2382-4000": {
                    "type": "aws_security_group_rule",
                    "depends_on": [
                        "aws_security_group.masters-aidinevolvecyber-uat-com",
                        "aws_security_group.nodes-aidinevolvecyber-uat-com"
                    ],
                    "primary": {
                        "id": "sgrule-441673805",
                        "attributes": {
                            "from_port": "2382",
                            "id": "sgrule-441673805",
                            "protocol": "tcp",
                            "security_group_id": "sg-06fd18b6b7650785d",
                            "self": "false",
                            "source_security_group_id": "sg-0b06c5160d6f443cf",
                            "to_port": "4000",
                            "type": "ingress"
                        },
                        "meta": {
                            "schema_version": "2"
                        },
                        "tainted": false
                    },
                    "deposed": [],
                    "provider": "provider.aws"
                },
                "aws_security_group_rule.node-to-master-tcp-4003-65535": {
                    "type": "aws_security_group_rule",
                    "depends_on": [
                        "aws_security_group.masters-aidinevolvecyber-uat-com",
                        "aws_security_group.nodes-aidinevolvecyber-uat-com"
                    ],
                    "primary": {
                        "id": "sgrule-1520196265",
                        "attributes": {
                            "from_port": "4003",
                            "id": "sgrule-1520196265",
                            "protocol": "tcp",
                            "security_group_id": "sg-06fd18b6b7650785d",
                            "self": "false",
                            "source_security_group_id": "sg-0b06c5160d6f443cf",
                            "to_port": "65535",
                            "type": "ingress"
                        },
                        "meta": {
                            "schema_version": "2"
                        },
                        "tainted": false
                    },
                    "deposed": [],
                    "provider": "provider.aws"
                },
                "aws_security_group_rule.node-to-master-udp-1-65535": {
                    "type": "aws_security_group_rule",
                    "depends_on": [
                        "aws_security_group.masters-aidinevolvecyber-uat-com",
                        "aws_security_group.nodes-aidinevolvecyber-uat-com"
                    ],
                    "primary": {
                        "id": "sgrule-2249748044",
                        "attributes": {
                            "from_port": "1",
                            "id": "sgrule-2249748044",
                            "protocol": "udp",
                            "security_group_id": "sg-06fd18b6b7650785d",
                            "self": "false",
                            "source_security_group_id": "sg-0b06c5160d6f443cf",
                            "to_port": "65535",
                            "type": "ingress"
                        },
                        "meta": {
                            "schema_version": "2"
                        },
                        "tainted": false
                    },
                    "deposed": [],
                    "provider": "provider.aws"
                },
                "aws_security_group_rule.ssh-elb-to-bastion": {
                    "type": "aws_security_group_rule",
                    "depends_on": [
                        "aws_security_group.bastion-aidinevolvecyber-uat-com",
                        "aws_security_group.bastion-elb-aidinevolvecyber-uat-com"
                    ],
                    "primary": {
                        "id": "sgrule-957340118",
                        "attributes": {
                            "from_port": "22",
                            "id": "sgrule-957340118",
                            "protocol": "tcp",
                            "security_group_id": "sg-036ffdc043597ba65",
                            "self": "false",
                            "source_security_group_id": "sg-09cdbde9b805644ff",
                            "to_port": "22",
                            "type": "ingress"
                        },
                        "meta": {
                            "schema_version": "2"
                        },
                        "tainted": false
                    },
                    "deposed": [],
                    "provider": "provider.aws"
                },
                "aws_security_group_rule.ssh-external-to-bastion-elb-0-0-0-0--0": {
                    "type": "aws_security_group_rule",
                    "depends_on": [
                        "aws_security_group.bastion-elb-aidinevolvecyber-uat-com"
                    ],
                    "primary": {
                        "id": "sgrule-1726102107",
                        "attributes": {
                            "cidr_blocks.#": "1",
                            "cidr_blocks.0": "0.0.0.0/0",
                            "from_port": "22",
                            "id": "sgrule-1726102107",
                            "protocol": "tcp",
                            "security_group_id": "sg-09cdbde9b805644ff",
                            "self": "false",
                            "to_port": "22",
                            "type": "ingress"
                        },
                        "meta": {
                            "schema_version": "2"
                        },
                        "tainted": false
                    },
                    "deposed": [],
                    "provider": "provider.aws"
                },
                "aws_subnet.eu-west-1a-aidinevolvecyber-uat-com": {
                    "type": "aws_subnet",
                    "depends_on": [
                        "aws_vpc.aidinevolvecyber-uat-com"
                    ],
                    "primary": {
                        "id": "subnet-0579efbba63ea1c5b",
                        "attributes": {
                            "arn": "arn:aws:ec2:eu-west-1:360471728799:subnet/subnet-0579efbba63ea1c5b",
                            "assign_ipv6_address_on_creation": "false",
                            "availability_zone": "eu-west-1a",
                            "availability_zone_id": "euw1-az3",
                            "cidr_block": "172.20.32.0/19",
                            "id": "subnet-0579efbba63ea1c5b",
                            "ipv6_cidr_block": "",
                            "ipv6_cidr_block_association_id": "",
                            "map_public_ip_on_launch": "false",
                            "owner_id": "360471728799",
                            "tags.%": "5",
                            "tags.KubernetesCluster": "aidinevolvecyber-uat.com",
                            "tags.Name": "eu-west-1a.aidinevolvecyber-uat.com",
                            "tags.SubnetType": "Private",
                            "tags.kubernetes.io/cluster/aidinevolvecyber-uat.com": "owned",
                            "tags.kubernetes.io/role/internal-elb": "1",
                            "vpc_id": "vpc-01be1b5b2f6839949"
                        },
                        "meta": {
                            "e2bfb730-ecaa-11e6-8f88-34363bc7c4c0": {
                                "create": 600000000000,
                                "delete": 600000000000
                            },
                            "schema_version": "1"
                        },
                        "tainted": false
                    },
                    "deposed": [],
                    "provider": "provider.aws"
                },
                "aws_subnet.eu-west-1b-aidinevolvecyber-uat-com": {
                    "type": "aws_subnet",
                    "depends_on": [
                        "aws_vpc.aidinevolvecyber-uat-com"
                    ],
                    "primary": {
                        "id": "subnet-0cff6bf1570ada3b2",
                        "attributes": {
                            "arn": "arn:aws:ec2:eu-west-1:360471728799:subnet/subnet-0cff6bf1570ada3b2",
                            "assign_ipv6_address_on_creation": "false",
                            "availability_zone": "eu-west-1b",
                            "availability_zone_id": "euw1-az1",
                            "cidr_block": "172.20.64.0/19",
                            "id": "subnet-0cff6bf1570ada3b2",
                            "ipv6_cidr_block": "",
                            "ipv6_cidr_block_association_id": "",
                            "map_public_ip_on_launch": "false",
                            "owner_id": "360471728799",
                            "tags.%": "5",
                            "tags.KubernetesCluster": "aidinevolvecyber-uat.com",
                            "tags.Name": "eu-west-1b.aidinevolvecyber-uat.com",
                            "tags.SubnetType": "Private",
                            "tags.kubernetes.io/cluster/aidinevolvecyber-uat.com": "owned",
                            "tags.kubernetes.io/role/internal-elb": "1",
                            "vpc_id": "vpc-01be1b5b2f6839949"
                        },
                        "meta": {
                            "e2bfb730-ecaa-11e6-8f88-34363bc7c4c0": {
                                "create": 600000000000,
                                "delete": 600000000000
                            },
                            "schema_version": "1"
                        },
                        "tainted": false
                    },
                    "deposed": [],
                    "provider": "provider.aws"
                },
                "aws_subnet.eu-west-1c-aidinevolvecyber-uat-com": {
                    "type": "aws_subnet",
                    "depends_on": [
                        "aws_vpc.aidinevolvecyber-uat-com"
                    ],
                    "primary": {
                        "id": "subnet-08f405fea8c63177f",
                        "attributes": {
                            "arn": "arn:aws:ec2:eu-west-1:360471728799:subnet/subnet-08f405fea8c63177f",
                            "assign_ipv6_address_on_creation": "false",
                            "availability_zone": "eu-west-1c",
                            "availability_zone_id": "euw1-az2",
                            "cidr_block": "172.20.96.0/19",
                            "id": "subnet-08f405fea8c63177f",
                            "ipv6_cidr_block": "",
                            "ipv6_cidr_block_association_id": "",
                            "map_public_ip_on_launch": "false",
                            "owner_id": "360471728799",
                            "tags.%": "5",
                            "tags.KubernetesCluster": "aidinevolvecyber-uat.com",
                            "tags.Name": "eu-west-1c.aidinevolvecyber-uat.com",
                            "tags.SubnetType": "Private",
                            "tags.kubernetes.io/cluster/aidinevolvecyber-uat.com": "owned",
                            "tags.kubernetes.io/role/internal-elb": "1",
                            "vpc_id": "vpc-01be1b5b2f6839949"
                        },
                        "meta": {
                            "e2bfb730-ecaa-11e6-8f88-34363bc7c4c0": {
                                "create": 600000000000,
                                "delete": 600000000000
                            },
                            "schema_version": "1"
                        },
                        "tainted": false
                    },
                    "deposed": [],
                    "provider": "provider.aws"
                },
                "aws_subnet.utility-eu-west-1a-aidinevolvecyber-uat-com": {
                    "type": "aws_subnet",
                    "depends_on": [
                        "aws_vpc.aidinevolvecyber-uat-com"
                    ],
                    "primary": {
                        "id": "subnet-0e1e7b5c9b883eca8",
                        "attributes": {
                            "arn": "arn:aws:ec2:eu-west-1:360471728799:subnet/subnet-0e1e7b5c9b883eca8",
                            "assign_ipv6_address_on_creation": "false",
                            "availability_zone": "eu-west-1a",
                            "availability_zone_id": "euw1-az3",
                            "cidr_block": "172.20.0.0/22",
                            "id": "subnet-0e1e7b5c9b883eca8",
                            "ipv6_cidr_block": "",
                            "ipv6_cidr_block_association_id": "",
                            "map_public_ip_on_launch": "false",
                            "owner_id": "360471728799",
                            "tags.%": "5",
                            "tags.KubernetesCluster": "aidinevolvecyber-uat.com",
                            "tags.Name": "utility-eu-west-1a.aidinevolvecyber-uat.com",
                            "tags.SubnetType": "Utility",
                            "tags.kubernetes.io/cluster/aidinevolvecyber-uat.com": "owned",
                            "tags.kubernetes.io/role/elb": "1",
                            "vpc_id": "vpc-01be1b5b2f6839949"
                        },
                        "meta": {
                            "e2bfb730-ecaa-11e6-8f88-34363bc7c4c0": {
                                "create": 600000000000,
                                "delete": 600000000000
                            },
                            "schema_version": "1"
                        },
                        "tainted": false
                    },
                    "deposed": [],
                    "provider": "provider.aws"
                },
                "aws_subnet.utility-eu-west-1b-aidinevolvecyber-uat-com": {
                    "type": "aws_subnet",
                    "depends_on": [
                        "aws_vpc.aidinevolvecyber-uat-com"
                    ],
                    "primary": {
                        "id": "subnet-0fbda808e2ab64ccb",
                        "attributes": {
                            "arn": "arn:aws:ec2:eu-west-1:360471728799:subnet/subnet-0fbda808e2ab64ccb",
                            "assign_ipv6_address_on_creation": "false",
                            "availability_zone": "eu-west-1b",
                            "availability_zone_id": "euw1-az1",
                            "cidr_block": "172.20.4.0/22",
                            "id": "subnet-0fbda808e2ab64ccb",
                            "ipv6_cidr_block": "",
                            "ipv6_cidr_block_association_id": "",
                            "map_public_ip_on_launch": "false",
                            "owner_id": "360471728799",
                            "tags.%": "5",
                            "tags.KubernetesCluster": "aidinevolvecyber-uat.com",
                            "tags.Name": "utility-eu-west-1b.aidinevolvecyber-uat.com",
                            "tags.SubnetType": "Utility",
                            "tags.kubernetes.io/cluster/aidinevolvecyber-uat.com": "owned",
                            "tags.kubernetes.io/role/elb": "1",
                            "vpc_id": "vpc-01be1b5b2f6839949"
                        },
                        "meta": {
                            "e2bfb730-ecaa-11e6-8f88-34363bc7c4c0": {
                                "create": 600000000000,
                                "delete": 600000000000
                            },
                            "schema_version": "1"
                        },
                        "tainted": false
                    },
                    "deposed": [],
                    "provider": "provider.aws"
                },
                "aws_subnet.utility-eu-west-1c-aidinevolvecyber-uat-com": {
                    "type": "aws_subnet",
                    "depends_on": [
                        "aws_vpc.aidinevolvecyber-uat-com"
                    ],
                    "primary": {
                        "id": "subnet-05de8ceaaa4640876",
                        "attributes": {
                            "arn": "arn:aws:ec2:eu-west-1:360471728799:subnet/subnet-05de8ceaaa4640876",
                            "assign_ipv6_address_on_creation": "false",
                            "availability_zone": "eu-west-1c",
                            "availability_zone_id": "euw1-az2",
                            "cidr_block": "172.20.8.0/22",
                            "id": "subnet-05de8ceaaa4640876",
                            "ipv6_cidr_block": "",
                            "ipv6_cidr_block_association_id": "",
                            "map_public_ip_on_launch": "false",
                            "owner_id": "360471728799",
                            "tags.%": "5",
                            "tags.KubernetesCluster": "aidinevolvecyber-uat.com",
                            "tags.Name": "utility-eu-west-1c.aidinevolvecyber-uat.com",
                            "tags.SubnetType": "Utility",
                            "tags.kubernetes.io/cluster/aidinevolvecyber-uat.com": "owned",
                            "tags.kubernetes.io/role/elb": "1",
                            "vpc_id": "vpc-01be1b5b2f6839949"
                        },
                        "meta": {
                            "e2bfb730-ecaa-11e6-8f88-34363bc7c4c0": {
                                "create": 600000000000,
                                "delete": 600000000000
                            },
                            "schema_version": "1"
                        },
                        "tainted": false
                    },
                    "deposed": [],
                    "provider": "provider.aws"
                },
                "aws_vpc.aidinevolvecyber-uat-com": {
                    "type": "aws_vpc",
                    "depends_on": [],
                    "primary": {
                        "id": "vpc-01be1b5b2f6839949",
                        "attributes": {
                            "arn": "arn:aws:ec2:eu-west-1:360471728799:vpc/vpc-01be1b5b2f6839949",
                            "assign_generated_ipv6_cidr_block": "false",
                            "cidr_block": "172.20.0.0/16",
                            "default_network_acl_id": "acl-097f93533ec3e28ec",
                            "default_route_table_id": "rtb-00d42bf33967f57ae",
                            "default_security_group_id": "sg-04872e58163c6927d",
                            "dhcp_options_id": "dopt-addf45cb",
                            "enable_classiclink": "false",
                            "enable_classiclink_dns_support": "false",
                            "enable_dns_hostnames": "true",
                            "enable_dns_support": "true",
                            "id": "vpc-01be1b5b2f6839949",
                            "instance_tenancy": "default",
                            "ipv6_association_id": "",
                            "ipv6_cidr_block": "",
                            "main_route_table_id": "rtb-00d42bf33967f57ae",
                            "owner_id": "360471728799",
                            "tags.%": "3",
                            "tags.KubernetesCluster": "aidinevolvecyber-uat.com",
                            "tags.Name": "aidinevolvecyber-uat.com",
                            "tags.kubernetes.io/cluster/aidinevolvecyber-uat.com": "owned"
                        },
                        "meta": {
                            "schema_version": "1"
                        },
                        "tainted": false
                    },
                    "deposed": [],
                    "provider": "provider.aws"
                },
                "aws_vpc_dhcp_options.aidinevolvecyber-uat-com": {
                    "type": "aws_vpc_dhcp_options",
                    "depends_on": [],
                    "primary": {
                        "id": "dopt-04259443ebd9ad577",
                        "attributes": {
                            "domain_name": "eu-west-1.compute.internal",
                            "domain_name_servers.#": "1",
                            "domain_name_servers.0": "AmazonProvidedDNS",
                            "id": "dopt-04259443ebd9ad577",
                            "owner_id": "360471728799",
                            "tags.%": "3",
                            "tags.KubernetesCluster": "aidinevolvecyber-uat.com",
                            "tags.Name": "aidinevolvecyber-uat.com",
                            "tags.kubernetes.io/cluster/aidinevolvecyber-uat.com": "owned"
                        },
                        "meta": {},
                        "tainted": false
                    },
                    "deposed": [],
                    "provider": "provider.aws"
                },
                "aws_vpc_dhcp_options_association.aidinevolvecyber-uat-com": {
                    "type": "aws_vpc_dhcp_options_association",
                    "depends_on": [
                        "aws_vpc.aidinevolvecyber-uat-com",
                        "aws_vpc_dhcp_options.aidinevolvecyber-uat-com"
                    ],
                    "primary": {
                        "id": "dopt-04259443ebd9ad577-vpc-01be1b5b2f6839949",
                        "attributes": {
                            "dhcp_options_id": "dopt-04259443ebd9ad577",
                            "id": "dopt-04259443ebd9ad577-vpc-01be1b5b2f6839949",
                            "vpc_id": "vpc-01be1b5b2f6839949"
                        },
                        "meta": {},
                        "tainted": false
                    },
                    "deposed": [],
                    "provider": "provider.aws"
                }
            },
            "depends_on": []
        }
    ]
}
